{
  "version": 4,
  "terraform_version": "1.4.2",
  "serial": 4528,
  "lineage": "98f3e2cd-5722-40ba-8c64-7585972771de",
  "outputs": {
    "instance-info": {
      "value": {
        "hello-hro-dev-chnlweb": {
          "cpu_count": 2,
          "id": "16679054",
          "memory_size": 4294967296,
          "network_interface_no": "391165",
          "platform_type": "LNX64",
          "private_ip": "10.3.10.7",
          "public_ip": "",
          "subnet_no": "30944",
          "tag": {
            "tag_key": "ansible_group",
            "tag_value": "webserver"
          }
        },
        "hello-hro-dev-coreweb": {
          "cpu_count": 2,
          "id": "16678938",
          "memory_size": 4294967296,
          "network_interface_no": "391170",
          "platform_type": "LNX64",
          "private_ip": "10.3.20.9",
          "public_ip": "",
          "subnet_no": "30943",
          "tag": {
            "tag_key": "ansible_group",
            "tag_value": "webserver"
          }
        },
        "hello-hro-dev-edmsap": {
          "cpu_count": 2,
          "id": "16678935",
          "memory_size": 4294967296,
          "network_interface_no": "391167",
          "platform_type": "LNX64",
          "private_ip": "10.3.20.7",
          "public_ip": "",
          "subnet_no": "30943",
          "tag": {
            "tag_key": "ansible_group",
            "tag_value": "solution"
          }
        },
        "hello-hro-dev-extfileap": {
          "cpu_count": 2,
          "id": "16678926",
          "memory_size": 4294967296,
          "network_interface_no": "391163",
          "platform_type": "LNX64",
          "private_ip": "10.3.40.6",
          "public_ip": "",
          "subnet_no": "30947",
          "tag": {
            "tag_key": "ansible_group",
            "tag_value": "solution"
          }
        },
        "hello-hro-dev-fepap": {
          "cpu_count": 2,
          "id": "16678942",
          "memory_size": 4294967296,
          "network_interface_no": "391166",
          "platform_type": "LNX64",
          "private_ip": "10.3.40.7",
          "public_ip": "",
          "subnet_no": "30947",
          "tag": {
            "tag_key": "ansible_group",
            "tag_value": "solution"
          }
        },
        "hello-hro-dev-mciap": {
          "cpu_count": 2,
          "id": "16679050",
          "memory_size": 4294967296,
          "network_interface_no": "391143",
          "platform_type": "LNX64",
          "private_ip": "10.3.20.6",
          "public_ip": "",
          "subnet_no": "30943",
          "tag": {
            "tag_key": "ansible_group",
            "tag_value": "solution"
          }
        },
        "hello-hro-dev-metaap": {
          "cpu_count": 2,
          "id": "16678941",
          "memory_size": 4294967296,
          "network_interface_no": "391164",
          "platform_type": "LNX64",
          "private_ip": "10.3.10.6",
          "public_ip": "",
          "subnet_no": "30944",
          "tag": {
            "tag_key": "ansible_group",
            "tag_value": "solution"
          }
        },
        "hello-hro-dev-proxyap": {
          "cpu_count": 2,
          "id": "16678945",
          "memory_size": 4294967296,
          "network_interface_no": "391173",
          "platform_type": "LNX64",
          "private_ip": "10.3.10.9",
          "public_ip": "",
          "subnet_no": "30944",
          "tag": {
            "tag_key": "ansible_group",
            "tag_value": "webserver"
          }
        },
        "hello-hro-dev-reportap": {
          "cpu_count": 2,
          "id": "16678932",
          "memory_size": 4294967296,
          "network_interface_no": "391169",
          "platform_type": "LNX64",
          "private_ip": "10.3.20.8",
          "public_ip": "",
          "subnet_no": "30943",
          "tag": {
            "tag_key": "ansible_group",
            "tag_value": "solution"
          }
        },
        "hello-hro-dev-solweb": {
          "cpu_count": 2,
          "id": "16678943",
          "memory_size": 4294967296,
          "network_interface_no": "391171",
          "platform_type": "LNX64",
          "private_ip": "10.3.10.8",
          "public_ip": "",
          "subnet_no": "30944",
          "tag": {
            "tag_key": "ansible_group",
            "tag_value": "webserver"
          }
        },
        "hello-hro-dev-ssoeamap": {
          "cpu_count": 2,
          "id": "16678923",
          "memory_size": 4294967296,
          "network_interface_no": "391172",
          "platform_type": "LNX64",
          "private_ip": "10.3.20.10",
          "public_ip": "",
          "subnet_no": "30943",
          "tag": {
            "tag_key": "ansible_group",
            "tag_value": "solution"
          }
        },
        "hello-hro-dev-webfaxap": {
          "cpu_count": 2,
          "id": "16678929",
          "memory_size": 4294967296,
          "network_interface_no": "391168",
          "platform_type": "LNX64",
          "private_ip": "10.3.40.8",
          "public_ip": "",
          "subnet_no": "30947",
          "tag": {
            "tag_key": "ansible_group",
            "tag_value": "solution"
          }
        }
      },
      "type": [
        "object",
        {
          "hello-hro-dev-chnlweb": [
            "object",
            {
              "cpu_count": "number",
              "id": "string",
              "memory_size": "number",
              "network_interface_no": "string",
              "platform_type": "string",
              "private_ip": "string",
              "public_ip": "string",
              "subnet_no": "string",
              "tag": [
                "object",
                {
                  "tag_key": "string",
                  "tag_value": "string"
                }
              ]
            }
          ],
          "hello-hro-dev-coreweb": [
            "object",
            {
              "cpu_count": "number",
              "id": "string",
              "memory_size": "number",
              "network_interface_no": "string",
              "platform_type": "string",
              "private_ip": "string",
              "public_ip": "string",
              "subnet_no": "string",
              "tag": [
                "object",
                {
                  "tag_key": "string",
                  "tag_value": "string"
                }
              ]
            }
          ],
          "hello-hro-dev-edmsap": [
            "object",
            {
              "cpu_count": "number",
              "id": "string",
              "memory_size": "number",
              "network_interface_no": "string",
              "platform_type": "string",
              "private_ip": "string",
              "public_ip": "string",
              "subnet_no": "string",
              "tag": [
                "object",
                {
                  "tag_key": "string",
                  "tag_value": "string"
                }
              ]
            }
          ],
          "hello-hro-dev-extfileap": [
            "object",
            {
              "cpu_count": "number",
              "id": "string",
              "memory_size": "number",
              "network_interface_no": "string",
              "platform_type": "string",
              "private_ip": "string",
              "public_ip": "string",
              "subnet_no": "string",
              "tag": [
                "object",
                {
                  "tag_key": "string",
                  "tag_value": "string"
                }
              ]
            }
          ],
          "hello-hro-dev-fepap": [
            "object",
            {
              "cpu_count": "number",
              "id": "string",
              "memory_size": "number",
              "network_interface_no": "string",
              "platform_type": "string",
              "private_ip": "string",
              "public_ip": "string",
              "subnet_no": "string",
              "tag": [
                "object",
                {
                  "tag_key": "string",
                  "tag_value": "string"
                }
              ]
            }
          ],
          "hello-hro-dev-mciap": [
            "object",
            {
              "cpu_count": "number",
              "id": "string",
              "memory_size": "number",
              "network_interface_no": "string",
              "platform_type": "string",
              "private_ip": "string",
              "public_ip": "string",
              "subnet_no": "string",
              "tag": [
                "object",
                {
                  "tag_key": "string",
                  "tag_value": "string"
                }
              ]
            }
          ],
          "hello-hro-dev-metaap": [
            "object",
            {
              "cpu_count": "number",
              "id": "string",
              "memory_size": "number",
              "network_interface_no": "string",
              "platform_type": "string",
              "private_ip": "string",
              "public_ip": "string",
              "subnet_no": "string",
              "tag": [
                "object",
                {
                  "tag_key": "string",
                  "tag_value": "string"
                }
              ]
            }
          ],
          "hello-hro-dev-proxyap": [
            "object",
            {
              "cpu_count": "number",
              "id": "string",
              "memory_size": "number",
              "network_interface_no": "string",
              "platform_type": "string",
              "private_ip": "string",
              "public_ip": "string",
              "subnet_no": "string",
              "tag": [
                "object",
                {
                  "tag_key": "string",
                  "tag_value": "string"
                }
              ]
            }
          ],
          "hello-hro-dev-reportap": [
            "object",
            {
              "cpu_count": "number",
              "id": "string",
              "memory_size": "number",
              "network_interface_no": "string",
              "platform_type": "string",
              "private_ip": "string",
              "public_ip": "string",
              "subnet_no": "string",
              "tag": [
                "object",
                {
                  "tag_key": "string",
                  "tag_value": "string"
                }
              ]
            }
          ],
          "hello-hro-dev-solweb": [
            "object",
            {
              "cpu_count": "number",
              "id": "string",
              "memory_size": "number",
              "network_interface_no": "string",
              "platform_type": "string",
              "private_ip": "string",
              "public_ip": "string",
              "subnet_no": "string",
              "tag": [
                "object",
                {
                  "tag_key": "string",
                  "tag_value": "string"
                }
              ]
            }
          ],
          "hello-hro-dev-ssoeamap": [
            "object",
            {
              "cpu_count": "number",
              "id": "string",
              "memory_size": "number",
              "network_interface_no": "string",
              "platform_type": "string",
              "private_ip": "string",
              "public_ip": "string",
              "subnet_no": "string",
              "tag": [
                "object",
                {
                  "tag_key": "string",
                  "tag_value": "string"
                }
              ]
            }
          ],
          "hello-hro-dev-webfaxap": [
            "object",
            {
              "cpu_count": "number",
              "id": "string",
              "memory_size": "number",
              "network_interface_no": "string",
              "platform_type": "string",
              "private_ip": "string",
              "public_ip": "string",
              "subnet_no": "string",
              "tag": [
                "object",
                {
                  "tag_key": "string",
                  "tag_value": "string"
                }
              ]
            }
          ]
        }
      ]
    }
  },
  "resources": [
    {
      "mode": "managed",
      "type": "local_file",
      "name": "ansible_inventory",
      "provider": "provider[\"registry.terraform.io/hashicorp/local\"]",
      "instances": [
        {
          "schema_version": 0,
          "attributes": {
            "content": "[webserver]\n10.3.10.7  #hello-hro-dev-chnlweb(instance_info.id)\n10.3.20.9  #hello-hro-dev-coreweb(instance_info.id)\n10.3.10.9  #hello-hro-dev-proxyap(instance_info.id)\n10.3.10.8  #hello-hro-dev-solweb(instance_info.id)\n\n[solution]\n10.3.20.7  #hello-hro-dev-edmsap(instance_info.id)\n10.3.40.6  #hello-hro-dev-extfileap(instance_info.id)\n10.3.40.7  #hello-hro-dev-fepap(instance_info.id)\n10.3.20.6  #hello-hro-dev-mciap(instance_info.id)\n10.3.10.6  #hello-hro-dev-metaap(instance_info.id)\n10.3.20.8  #hello-hro-dev-reportap(instance_info.id)\n10.3.20.10  #hello-hro-dev-ssoeamap(instance_info.id)\n10.3.40.8  #hello-hro-dev-webfaxap(instance_info.id)\n",
            "content_base64": null,
            "content_base64sha256": "K8azOVx0vMbivss/KMo/JkGr3KGy+McoEYU0yi5gJoU=",
            "content_base64sha512": "kS49bkxxk+jN0//Fw5r+JybHSaA7GpnqddVkIcqT3LvlK8uY2dpGO1N6BLmeSAr1tmb8RB6BEAJtMsuhStlnhQ==",
            "content_md5": "34e75b3665941751c3e94393c7619547",
            "content_sha1": "65abed05343f0633b15915d79200d403a6789b7f",
            "content_sha256": "2bc6b3395c74bcc6e2becb3f28ca3f2641abdca1b2f8c728118534ca2e602685",
            "content_sha512": "912e3d6e4c7193e8cdd3ffc5c39afe2726c749a03b1a99ea75d56421ca93dcbbe52bcb98d9da463b537a04b99e480af5b666fc441e8110026d32cba14ad96785",
            "directory_permission": "0777",
            "file_permission": "644",
            "filename": "./ansible_hosts",
            "id": "65abed05343f0633b15915d79200d403a6789b7f",
            "sensitive_content": null,
            "source": null
          },
          "sensitive_attributes": [],
          "dependencies": [
            "module.compute.data.ncloud_server_images.images",
            "module.compute.data.ncloud_server_products.products",
            "module.compute.ncloud_init_script.init",
            "module.compute.ncloud_network_interface.nic",
            "module.compute.ncloud_public_ip.pulbic_ip",
            "module.compute.ncloud_server.server",
            "module.network.ncloud_nat_gateway.main-nat-gateway",
            "module.network.ncloud_subnet.main-private-lb-subnets",
            "module.network.ncloud_subnet.main-private-subnets",
            "module.network.ncloud_subnet.main-public-subnets",
            "module.network.ncloud_vpc.main",
            "module.security.ncloud_access_control_group.instance-acg",
            "module.security.ncloud_access_control_group_rule.acg-rule"
          ]
        }
      ]
    },
    {
      "module": "module.compute",
      "mode": "data",
      "type": "ncloud_server_images",
      "name": "images",
      "provider": "provider[\"registry.terraform.io/navercloudplatform/ncloud\"]",
      "instances": [
        {
          "schema_version": 0,
          "attributes": {
            "block_storage_size": null,
            "exclusion_product_code": null,
            "filter": null,
            "id": "3243924432",
            "ids": [
              "SW.VSVR.OS.LNX64.ORCL.0706.B050",
              "SW.VSVR.OS.LNX64.RHEL.0706.B050.H001",
              "SW.VSVR.OS.LNX64.CNTOS.0703.B050",
              "SW.VSVR.OS.LNX64.RHEL.0802.B050.H001",
              "SW.VSVR.OS.LNX64.RHEL.0806.B050.H001",
              "SW.VSVR.OS.LNX64.CNTOS.0708.B050",
              "SW.VSVR.APP.LNX64.CNTOS.0708.JEUS.LATEST.B050",
              "SW.VSVR.APP.LNX64.CNTOS.0708.TOMCT.LATEST.B050",
              "SW.VSVR.APP.LNX64.CNTOS.0708.WEBTB.LATEST.B050",
              "SW.VSVR.APP.LNX64.UBNTU.SVR1604.JEUS.LATEST.B050",
              "SW.VSVR.APP.LNX64.UBNTU.SVR1604.TOMCT.LATEST.B050",
              "SW.VSVR.APP.LNX64.UBNTU.SVR1604.WEBTB.LATEST.B050",
              "SW.VSVR.APP.LNX64.UBNTU.SVR1804.TNSFL.LATEST.B050",
              "SW.VSVR.APP.LNX64.UBNTU.SVR2004.TNSFL.LATEST.B050",
              "SW.VSVR.DBMS.LNX64.CNTOS.0708.MARIA.102.B050",
              "SW.VSVR.DBMS.LNX64.CNTOS.0708.MYSQL.0800.B050",
              "SW.VSVR.OS.LNX64.UBNTU.SVR1604.B050",
              "SW.VSVR.OS.LNX64.UBNTU.SVR1804.B050",
              "SW.VSVR.OS.LNX64.UBNTU.SVR2004.B050",
              "SW.VSVR.DBMS.LNX64.UBNTU.SVR1604.MYSQL.0507.B050",
              "SW.VSVR.DBMS.LNX64.CNTOS.0703.CBRID.0902.B050",
              "SW.VSVR.DBMS.LNX64.CNTOS.0703.MYSQL.0507.B050",
              "SW.VSVR.DBMS.LNX64.CNTOS.0703.MYSQL.0800.B050",
              "SW.VSVR.DBMS.WND64.WND.SVR2016EXPEN.MSSQL.2017.B100",
              "SW.VSVR.DBMS.WND64.WND.SVR2016STDEN.MSSQL.2017.B100",
              "SW.VSVR.DBMS.LNX64.UBNTU.SVR1604.CBRID.0902.B050",
              "SW.VSVR.DBMS.LNX64.CNTOS.0703.REDIS.4014.B050",
              "SW.VSVR.DBMS.LNX64.UBNTU.SVR1604.REDIS.4014.B050",
              "SW.VSVR.DBMS.LNX64.CNTOS.0703.PSTGR.0904.B050",
              "SW.VSVR.DBMS.LNX64.CNTOS.0708.PSTGR.1303.B050",
              "SW.VSVR.DBMS.LNX64.CNTOS.0708.PSTGR.1403.B050",
              "SW.VSVR.DBMS.WND64.WND.SVR2016STDEN.MSSQL.2019.B100",
              "SW.VSVR.DBMS.WND64.WND.SVR2012R2STDEN.MSSQL.2016.B100",
              "SW.VSVR.APP.LNX64.CNTOS.0708.PINPT.LATEST.B050",
              "SW.VSVR.APP.LNX64.UBNTU.SVR1604.PINPT.LATEST.B050",
              "SW.VSVR.APP.LNX64.CNTOS.0708.LUHSM.LATEST.B050",
              "SW.VSVR.DBMS.LNX64.CNTOS.0708.TBERO.LATEST.B050",
              "SW.VSVR.DBMS.WND64.WND.SVR2012R2STDEN.MSSQL.2014.B100",
              "SW.VSVR.DBMS.WND64.WND.SVR2012R2STDEN.MSSQL.2012.B100",
              "SW.VSVR.OS.WND64.WND.SVR2012R2EN.B100",
              "SW.VSVR.OS.WND64.WND.SVR2016EN.B100",
              "SW.VSVR.OS.WND64.WND.SVR2019EN.B100"
            ],
            "infra_resource_detail_type_code": null,
            "output_file": "ncloud_server_images.json",
            "platform_type": null,
            "product_code": null,
            "product_name_regex": null,
            "region": null,
            "server_images": [
              {
                "base_block_storage_size": "50GB",
                "id": "SW.VSVR.OS.LNX64.ORCL.0706.B050",
                "infra_resource_detail_type_code": "",
                "infra_resource_type": "SW",
                "os_information": "Oracle Linux 7.6 (64-bit)",
                "platform_type": "LNX64",
                "product_code": "SW.VSVR.OS.LNX64.ORCL.0706.B050",
                "product_description": "Oracle Linux 7.6 (64-bit)",
                "product_name": "Oracle Linux 7.6 (64-bit)",
                "product_type": "LINUX"
              },
              {
                "base_block_storage_size": "50GB",
                "id": "SW.VSVR.OS.LNX64.RHEL.0706.B050.H001",
                "infra_resource_detail_type_code": "",
                "infra_resource_type": "SW",
                "os_information": "Red Hat Enterprise Linux 7.6 (64-bit)",
                "platform_type": "LNX64",
                "product_code": "SW.VSVR.OS.LNX64.RHEL.0706.B050.H001",
                "product_description": "Red Hat Enterprise Linux 7.6 (64-bit)",
                "product_name": "Red Hat Enterprise Linux 7.6 (64-bit)",
                "product_type": "LINUX"
              },
              {
                "base_block_storage_size": "50GB",
                "id": "SW.VSVR.OS.LNX64.CNTOS.0703.B050",
                "infra_resource_detail_type_code": "",
                "infra_resource_type": "SW",
                "os_information": "CentOS 7.3 (64-bit)",
                "platform_type": "LNX64",
                "product_code": "SW.VSVR.OS.LNX64.CNTOS.0703.B050",
                "product_description": "CentOS 7.3 (64-bit)",
                "product_name": "centos-7.3-64",
                "product_type": "LINUX"
              },
              {
                "base_block_storage_size": "50GB",
                "id": "SW.VSVR.OS.LNX64.RHEL.0802.B050.H001",
                "infra_resource_detail_type_code": "",
                "infra_resource_type": "SW",
                "os_information": "Red Hat Enterprise Linux 8.2 (64-bit)",
                "platform_type": "LNX64",
                "product_code": "SW.VSVR.OS.LNX64.RHEL.0802.B050.H001",
                "product_description": "Red Hat Enterprise Linux 8.2 (64-bit)",
                "product_name": "Red Hat Enterprise Linux 8.2 (64-bit)",
                "product_type": "LINUX"
              },
              {
                "base_block_storage_size": "50GB",
                "id": "SW.VSVR.OS.LNX64.RHEL.0806.B050.H001",
                "infra_resource_detail_type_code": "",
                "infra_resource_type": "SW",
                "os_information": "Red Hat Enterprise Linux 8.6 (64-bit)",
                "platform_type": "LNX64",
                "product_code": "SW.VSVR.OS.LNX64.RHEL.0806.B050.H001",
                "product_description": "Red Hat Enterprise Linux 8.6 (64-bit)",
                "product_name": "Red Hat Enterprise Linux 8.6 (64-bit)",
                "product_type": "LINUX"
              },
              {
                "base_block_storage_size": "50GB",
                "id": "SW.VSVR.OS.LNX64.CNTOS.0708.B050",
                "infra_resource_detail_type_code": "",
                "infra_resource_type": "SW",
                "os_information": "CentOS 7.8 (64-bit)",
                "platform_type": "LNX64",
                "product_code": "SW.VSVR.OS.LNX64.CNTOS.0708.B050",
                "product_description": "CentOS 7.8 (64-bit)",
                "product_name": "CentOS 7.8 (64-bit)",
                "product_type": "LINUX"
              },
              {
                "base_block_storage_size": "50GB",
                "id": "SW.VSVR.APP.LNX64.CNTOS.0708.JEUS.LATEST.B050",
                "infra_resource_detail_type_code": "",
                "infra_resource_type": "SW",
                "os_information": "CentOS 7.8 (64-bit) with JEUS",
                "platform_type": "LNX64",
                "product_code": "SW.VSVR.APP.LNX64.CNTOS.0708.JEUS.LATEST.B050",
                "product_description": "CentOS 7.8 (64-bit) with JEUS",
                "product_name": "JEUS-centos-7.8-64",
                "product_type": "LINUX"
              },
              {
                "base_block_storage_size": "50GB",
                "id": "SW.VSVR.APP.LNX64.CNTOS.0708.TOMCT.LATEST.B050",
                "infra_resource_detail_type_code": "",
                "infra_resource_type": "SW",
                "os_information": "CentOS 7.8 (64-bit) with Tomcat",
                "platform_type": "LNX64",
                "product_code": "SW.VSVR.APP.LNX64.CNTOS.0708.TOMCT.LATEST.B050",
                "product_description": "CentOS 7.8 (64-bit) with Tomcat",
                "product_name": "Tomcat-centos-7.8-64",
                "product_type": "LINUX"
              },
              {
                "base_block_storage_size": "50GB",
                "id": "SW.VSVR.APP.LNX64.CNTOS.0708.WEBTB.LATEST.B050",
                "infra_resource_detail_type_code": "",
                "infra_resource_type": "SW",
                "os_information": "CentOS 7.8 (64-bit) with WebtoB",
                "platform_type": "LNX64",
                "product_code": "SW.VSVR.APP.LNX64.CNTOS.0708.WEBTB.LATEST.B050",
                "product_description": "CentOS 7.8 (64-bit) with WebtoB",
                "product_name": "WebtoB-centos-7.8-64",
                "product_type": "LINUX"
              },
              {
                "base_block_storage_size": "50GB",
                "id": "SW.VSVR.APP.LNX64.UBNTU.SVR1604.JEUS.LATEST.B050",
                "infra_resource_detail_type_code": "",
                "infra_resource_type": "SW",
                "os_information": "Ubuntu 16.04 (64-bit) with JEUS",
                "platform_type": "UBS64",
                "product_code": "SW.VSVR.APP.LNX64.UBNTU.SVR1604.JEUS.LATEST.B050",
                "product_description": "Ubuntu 16.04 (64-bit) with JEUS",
                "product_name": "JEUS-Ubuntu-16.04-64",
                "product_type": "LINUX"
              },
              {
                "base_block_storage_size": "50GB",
                "id": "SW.VSVR.APP.LNX64.UBNTU.SVR1604.TOMCT.LATEST.B050",
                "infra_resource_detail_type_code": "",
                "infra_resource_type": "SW",
                "os_information": "Ubuntu 16.04 (64-bit) with Tomcat",
                "platform_type": "UBS64",
                "product_code": "SW.VSVR.APP.LNX64.UBNTU.SVR1604.TOMCT.LATEST.B050",
                "product_description": "Ubuntu 16.04 (64-bit) with Tomcat",
                "product_name": "Tomcat-Ubuntu-16.04-64",
                "product_type": "LINUX"
              },
              {
                "base_block_storage_size": "50GB",
                "id": "SW.VSVR.APP.LNX64.UBNTU.SVR1604.WEBTB.LATEST.B050",
                "infra_resource_detail_type_code": "",
                "infra_resource_type": "SW",
                "os_information": "Ubuntu 16.04 (64-bit) with WebtoB",
                "platform_type": "UBS64",
                "product_code": "SW.VSVR.APP.LNX64.UBNTU.SVR1604.WEBTB.LATEST.B050",
                "product_description": "Ubuntu 16.04 (64-bit) with WebtoB",
                "product_name": "WebtoB-Ubuntu-16.04-64",
                "product_type": "LINUX"
              },
              {
                "base_block_storage_size": "50GB",
                "id": "SW.VSVR.APP.LNX64.UBNTU.SVR1804.TNSFL.LATEST.B050",
                "infra_resource_detail_type_code": "",
                "infra_resource_type": "SW",
                "os_information": "Ubuntu 18.04 (64-bit) with Tensorflow",
                "platform_type": "UBS64",
                "product_code": "SW.VSVR.APP.LNX64.UBNTU.SVR1804.TNSFL.LATEST.B050",
                "product_description": "Ubuntu 18.04 (64-bit) with Tensorflow",
                "product_name": "tensorflow-Ubuntu-18.04-64",
                "product_type": "LINUX"
              },
              {
                "base_block_storage_size": "50GB",
                "id": "SW.VSVR.APP.LNX64.UBNTU.SVR2004.TNSFL.LATEST.B050",
                "infra_resource_detail_type_code": "",
                "infra_resource_type": "SW",
                "os_information": "Ubuntu 20.04 (64-bit) with Tensorflow",
                "platform_type": "UBS64",
                "product_code": "SW.VSVR.APP.LNX64.UBNTU.SVR2004.TNSFL.LATEST.B050",
                "product_description": "Ubuntu 20.04 (64-bit) with Tensorflow",
                "product_name": "tensorflow-Ubuntu-20.04-64",
                "product_type": "LINUX"
              },
              {
                "base_block_storage_size": "50GB",
                "id": "SW.VSVR.DBMS.LNX64.CNTOS.0708.MARIA.102.B050",
                "infra_resource_detail_type_code": "",
                "infra_resource_type": "SW",
                "os_information": "CentOS 7.8 with MariaDB 10.2 (64-bit)",
                "platform_type": "LNX64",
                "product_code": "SW.VSVR.DBMS.LNX64.CNTOS.0708.MARIA.102.B050",
                "product_description": "CentOS 7.8 with MariaDB 10.2 (64-bit)",
                "product_name": "mariadb(10.2)-centos-7.8-64",
                "product_type": "LINUX"
              },
              {
                "base_block_storage_size": "50GB",
                "id": "SW.VSVR.DBMS.LNX64.CNTOS.0708.MYSQL.0800.B050",
                "infra_resource_detail_type_code": "",
                "infra_resource_type": "SW",
                "os_information": "CentOS 7.8 with MySQL 8.0 (64-bit)",
                "platform_type": "LNX64",
                "product_code": "SW.VSVR.DBMS.LNX64.CNTOS.0708.MYSQL.0800.B050",
                "product_description": "CentOS 7.8 with MySQL 8.0 (64-bit)",
                "product_name": "mysql(8.0)-centos-7.8-64",
                "product_type": "LINUX"
              },
              {
                "base_block_storage_size": "50GB",
                "id": "SW.VSVR.OS.LNX64.UBNTU.SVR1604.B050",
                "infra_resource_detail_type_code": "",
                "infra_resource_type": "SW",
                "os_information": "Ubuntu Server 16.04 (64-bit)",
                "platform_type": "UBS64",
                "product_code": "SW.VSVR.OS.LNX64.UBNTU.SVR1604.B050",
                "product_description": "Ubuntu Server 16.04 (64-bit) ",
                "product_name": "ubuntu-16.04-64-server",
                "product_type": "LINUX"
              },
              {
                "base_block_storage_size": "50GB",
                "id": "SW.VSVR.OS.LNX64.UBNTU.SVR1804.B050",
                "infra_resource_detail_type_code": "",
                "infra_resource_type": "SW",
                "os_information": "Ubuntu Server 18.04 (64-bit)",
                "platform_type": "UBS64",
                "product_code": "SW.VSVR.OS.LNX64.UBNTU.SVR1804.B050",
                "product_description": "Ubuntu Server 18.04 (64-bit) ",
                "product_name": "ubuntu-18.04",
                "product_type": "LINUX"
              },
              {
                "base_block_storage_size": "50GB",
                "id": "SW.VSVR.OS.LNX64.UBNTU.SVR2004.B050",
                "infra_resource_detail_type_code": "",
                "infra_resource_type": "SW",
                "os_information": "Ubuntu Server 20.04 (64-bit)",
                "platform_type": "UBS64",
                "product_code": "SW.VSVR.OS.LNX64.UBNTU.SVR2004.B050",
                "product_description": "Ubuntu Server 20.04 (64-bit)",
                "product_name": "ubuntu-20.04",
                "product_type": "LINUX"
              },
              {
                "base_block_storage_size": "50GB",
                "id": "SW.VSVR.DBMS.LNX64.UBNTU.SVR1604.MYSQL.0507.B050",
                "infra_resource_detail_type_code": "",
                "infra_resource_type": "SW",
                "os_information": "Ubuntu Server 16.04 with MySQL 5.7 (64-bit)",
                "platform_type": "UBS64",
                "product_code": "SW.VSVR.DBMS.LNX64.UBNTU.SVR1604.MYSQL.0507.B050",
                "product_description": "Ubuntu Server 16.04 with MySQL 5.7",
                "product_name": "mysql(5.7)-ubuntu-16.04-64-server",
                "product_type": "LINUX"
              },
              {
                "base_block_storage_size": "50GB",
                "id": "SW.VSVR.DBMS.LNX64.CNTOS.0703.CBRID.0902.B050",
                "infra_resource_detail_type_code": "",
                "infra_resource_type": "SW",
                "os_information": "CentOS 7.3 with Cubrid 9.2 (64-bit)",
                "platform_type": "LNX64",
                "product_code": "SW.VSVR.DBMS.LNX64.CNTOS.0703.CBRID.0902.B050",
                "product_description": "CentOS 7.3 with Cubrid 9.2",
                "product_name": "cubrid(9.2)-centos-7.3-64",
                "product_type": "LINUX"
              },
              {
                "base_block_storage_size": "50GB",
                "id": "SW.VSVR.DBMS.LNX64.CNTOS.0703.MYSQL.0507.B050",
                "infra_resource_detail_type_code": "",
                "infra_resource_type": "SW",
                "os_information": "CentOS 7.3 with MySQL 5.7 (64-bit)",
                "platform_type": "LNX64",
                "product_code": "SW.VSVR.DBMS.LNX64.CNTOS.0703.MYSQL.0507.B050",
                "product_description": "CentOS 7.3 with MySQL 5.7",
                "product_name": "mysql(5.7)-centos-7.3-64",
                "product_type": "LINUX"
              },
              {
                "base_block_storage_size": "50GB",
                "id": "SW.VSVR.DBMS.LNX64.CNTOS.0703.MYSQL.0800.B050",
                "infra_resource_detail_type_code": "",
                "infra_resource_type": "SW",
                "os_information": "CentOS 7.3 with MySQL 8.0 (64-bit)",
                "platform_type": "LNX64",
                "product_code": "SW.VSVR.DBMS.LNX64.CNTOS.0703.MYSQL.0800.B050",
                "product_description": "CentOS 7.3 with MySQL 8.0",
                "product_name": "mysql(8.0)-centos-7.3-64",
                "product_type": "LINUX"
              },
              {
                "base_block_storage_size": "100GB",
                "id": "SW.VSVR.DBMS.WND64.WND.SVR2016EXPEN.MSSQL.2017.B100",
                "infra_resource_detail_type_code": "",
                "infra_resource_type": "SW",
                "os_information": "Windows Server 2016 with MSSQL 2017 Express English Edition (64-bit)",
                "platform_type": "WND64",
                "product_code": "SW.VSVR.DBMS.WND64.WND.SVR2016EXPEN.MSSQL.2017.B100",
                "product_description": "Windows 2016 Server R2 with MSSQL 2017 Standard English Edition",
                "product_name": "mssql(2017exp)-win-2016-64-en",
                "product_type": "WINNT"
              },
              {
                "base_block_storage_size": "100GB",
                "id": "SW.VSVR.DBMS.WND64.WND.SVR2016STDEN.MSSQL.2017.B100",
                "infra_resource_detail_type_code": "",
                "infra_resource_type": "SW",
                "os_information": "Windows Server 2016 with MSSQL 2017 Standard English Edition (64-bit)",
                "platform_type": "WND64",
                "product_code": "SW.VSVR.DBMS.WND64.WND.SVR2016STDEN.MSSQL.2017.B100",
                "product_description": "Windows 2016 Server R2 with MSSQL 2017 Standard English Edition",
                "product_name": "mssql(2017std)-win-2016-64-en",
                "product_type": "WINNT"
              },
              {
                "base_block_storage_size": "50GB",
                "id": "SW.VSVR.DBMS.LNX64.UBNTU.SVR1604.CBRID.0902.B050",
                "infra_resource_detail_type_code": "",
                "infra_resource_type": "SW",
                "os_information": "Ubuntu Server 16.04 with Cubrid 9.2 (64-bit)",
                "platform_type": "UBS64",
                "product_code": "SW.VSVR.DBMS.LNX64.UBNTU.SVR1604.CBRID.0902.B050",
                "product_description": "Ubuntu Server 16.04 with Cubrid 9.2",
                "product_name": "cubrid(9.2)-ubuntu-16.04-64-server",
                "product_type": "LINUX"
              },
              {
                "base_block_storage_size": "50GB",
                "id": "SW.VSVR.DBMS.LNX64.CNTOS.0703.REDIS.4014.B050",
                "infra_resource_detail_type_code": "",
                "infra_resource_type": "SW",
                "os_information": "CentOS 7.3 with Redis 4.0.14 (64-bit)",
                "platform_type": "LNX64",
                "product_code": "SW.VSVR.DBMS.LNX64.CNTOS.0703.REDIS.4014.B050",
                "product_description": "CentOS 7.3 with Redis 4.0.14",
                "product_name": "redis(3.2.8)-centos-7.3-64",
                "product_type": "LINUX"
              },
              {
                "base_block_storage_size": "50GB",
                "id": "SW.VSVR.DBMS.LNX64.UBNTU.SVR1604.REDIS.4014.B050",
                "infra_resource_detail_type_code": "",
                "infra_resource_type": "SW",
                "os_information": "Ubuntu Server 16.04 with Redis 4.0.14 (64-bit)",
                "platform_type": "UBS64",
                "product_code": "SW.VSVR.DBMS.LNX64.UBNTU.SVR1604.REDIS.4014.B050",
                "product_description": "Ubuntu Server 16.04 with Redis 4.0.14",
                "product_name": "redis(4.0.14)-ubuntu-16.04-64-server",
                "product_type": "LINUX"
              },
              {
                "base_block_storage_size": "50GB",
                "id": "SW.VSVR.DBMS.LNX64.CNTOS.0703.PSTGR.0904.B050",
                "infra_resource_detail_type_code": "",
                "infra_resource_type": "SW",
                "os_information": "CentOS 7.3 with PostgreSQL 9.4 (64-bit)",
                "platform_type": "LNX64",
                "product_code": "SW.VSVR.DBMS.LNX64.CNTOS.0703.PSTGR.0904.B050",
                "product_description": "CentOS 7.3 with PostgreSQL 9.4",
                "product_name": "PostgreSQL 9.4-centos-7.3-64",
                "product_type": "LINUX"
              },
              {
                "base_block_storage_size": "50GB",
                "id": "SW.VSVR.DBMS.LNX64.CNTOS.0708.PSTGR.1303.B050",
                "infra_resource_detail_type_code": "",
                "infra_resource_type": "SW",
                "os_information": "CentOS 7.8 with PostgreSQL 13.3 (64-bit)",
                "platform_type": "LNX64",
                "product_code": "SW.VSVR.DBMS.LNX64.CNTOS.0708.PSTGR.1303.B050",
                "product_description": "CentOS 7.8 with PostgreSQL 13.3",
                "product_name": "PostgreSQL 13.3-centos-7.8-64",
                "product_type": "LINUX"
              },
              {
                "base_block_storage_size": "50GB",
                "id": "SW.VSVR.DBMS.LNX64.CNTOS.0708.PSTGR.1403.B050",
                "infra_resource_detail_type_code": "",
                "infra_resource_type": "SW",
                "os_information": "CentOS 7.8 with PostgreSQL 14.3 (64-bit)",
                "platform_type": "LNX64",
                "product_code": "SW.VSVR.DBMS.LNX64.CNTOS.0708.PSTGR.1403.B050",
                "product_description": "CentOS 7.8 with PostgreSQL 14.3",
                "product_name": "PostgreSQL 14.3-centos-7.8-64",
                "product_type": "LINUX"
              },
              {
                "base_block_storage_size": "100GB",
                "id": "SW.VSVR.DBMS.WND64.WND.SVR2016STDEN.MSSQL.2019.B100",
                "infra_resource_detail_type_code": "",
                "infra_resource_type": "SW",
                "os_information": "Windows Server 2016 with MSSQL 2019 Standard English Edition (64-bit)",
                "platform_type": "WND64",
                "product_code": "SW.VSVR.DBMS.WND64.WND.SVR2016STDEN.MSSQL.2019.B100",
                "product_description": "Windows 2016 Server R2 with MSSQL 2019 Standard English Edition",
                "product_name": "mssql(2019std)-win-2016-64-en",
                "product_type": "WINNT"
              },
              {
                "base_block_storage_size": "100GB",
                "id": "SW.VSVR.DBMS.WND64.WND.SVR2012R2STDEN.MSSQL.2016.B100",
                "infra_resource_detail_type_code": "",
                "infra_resource_type": "SW",
                "os_information": "Windows Server 2012 R2 with MSSQL 2016 Standard English Edition (64-bit)",
                "platform_type": "WND64",
                "product_code": "SW.VSVR.DBMS.WND64.WND.SVR2012R2STDEN.MSSQL.2016.B100",
                "product_description": "Windows 2012 Server R2 with MSSQL 2016 Standard English Edition",
                "product_name": "mssql(2016std)-win-2012-64-R2-en",
                "product_type": "WINNT"
              },
              {
                "base_block_storage_size": "50GB",
                "id": "SW.VSVR.APP.LNX64.CNTOS.0708.PINPT.LATEST.B050",
                "infra_resource_detail_type_code": "",
                "infra_resource_type": "SW",
                "os_information": "CentOS 7.8 with Pinpoint",
                "platform_type": "LNX64",
                "product_code": "SW.VSVR.APP.LNX64.CNTOS.0708.PINPT.LATEST.B050",
                "product_description": "CentOS 7.8 with Pinpoint",
                "product_name": "Pinpoint-centos-7.8-64",
                "product_type": "LINUX"
              },
              {
                "base_block_storage_size": "50GB",
                "id": "SW.VSVR.APP.LNX64.UBNTU.SVR1604.PINPT.LATEST.B050",
                "infra_resource_detail_type_code": "",
                "infra_resource_type": "SW",
                "os_information": "Ubuntu Server 16.04 with Pinpoint (64-bit)",
                "platform_type": "UBS64",
                "product_code": "SW.VSVR.APP.LNX64.UBNTU.SVR1604.PINPT.LATEST.B050",
                "product_description": "Ubuntu Server 16.04 with Pinpoint",
                "product_name": "Pinpoint-ubuntu-16.04-64-server",
                "product_type": "LINUX"
              },
              {
                "base_block_storage_size": "50GB",
                "id": "SW.VSVR.APP.LNX64.CNTOS.0708.LUHSM.LATEST.B050",
                "infra_resource_detail_type_code": "",
                "infra_resource_type": "SW",
                "os_information": "CentOS 7.8 with Luna HSM (64-bit)",
                "platform_type": "LNX64",
                "product_code": "SW.VSVR.APP.LNX64.CNTOS.0708.LUHSM.LATEST.B050",
                "product_description": "CentOS 7.8 with Luna HSM",
                "product_name": "Luna HSM-centos-7.8-64",
                "product_type": "LINUX"
              },
              {
                "base_block_storage_size": "50GB",
                "id": "SW.VSVR.DBMS.LNX64.CNTOS.0708.TBERO.LATEST.B050",
                "infra_resource_detail_type_code": "",
                "infra_resource_type": "SW",
                "os_information": "CentOS 7.8 with Tibero (64-bit)",
                "platform_type": "LNX64",
                "product_code": "SW.VSVR.DBMS.LNX64.CNTOS.0708.TBERO.LATEST.B050",
                "product_description": "CentOS 7.8 with Tibero",
                "product_name": "Tibero-centos-7.8-64",
                "product_type": "LINUX"
              },
              {
                "base_block_storage_size": "100GB",
                "id": "SW.VSVR.DBMS.WND64.WND.SVR2012R2STDEN.MSSQL.2014.B100",
                "infra_resource_detail_type_code": "",
                "infra_resource_type": "SW",
                "os_information": "Windows Server 2012 R2 with MSSQL 2014 Standard English Edition (64-bit)",
                "platform_type": "WND64",
                "product_code": "SW.VSVR.DBMS.WND64.WND.SVR2012R2STDEN.MSSQL.2014.B100",
                "product_description": "Windows 2012 Server R2 with MSSQL 2014 Standard English Edition",
                "product_name": "mssql(2014std)-win-2012-64-R2-en",
                "product_type": "WINNT"
              },
              {
                "base_block_storage_size": "100GB",
                "id": "SW.VSVR.DBMS.WND64.WND.SVR2012R2STDEN.MSSQL.2012.B100",
                "infra_resource_detail_type_code": "",
                "infra_resource_type": "SW",
                "os_information": "Windows Server 2012 R2 with MSSQL 2012 Standard English Edition (64-bit) ",
                "platform_type": "WND64",
                "product_code": "SW.VSVR.DBMS.WND64.WND.SVR2012R2STDEN.MSSQL.2012.B100",
                "product_description": "Windows 2012 Server R2 with MSSQL 2012 Standard English Edition",
                "product_name": "mssql(2012std)-win-2012-64-R2-en",
                "product_type": "WINNT"
              },
              {
                "base_block_storage_size": "100GB",
                "id": "SW.VSVR.OS.WND64.WND.SVR2012R2EN.B100",
                "infra_resource_detail_type_code": "",
                "infra_resource_type": "SW",
                "os_information": "Windows Server 2012 (64bit) R2 English Edition",
                "platform_type": "WND64",
                "product_code": "SW.VSVR.OS.WND64.WND.SVR2012R2EN.B100",
                "product_description": "Windows Server 2012 (64bit) R2 English Edition",
                "product_name": "win-2012-64-R2-en",
                "product_type": "WINNT"
              },
              {
                "base_block_storage_size": "100GB",
                "id": "SW.VSVR.OS.WND64.WND.SVR2016EN.B100",
                "infra_resource_detail_type_code": "",
                "infra_resource_type": "SW",
                "os_information": "Windows Server 2016 (64-bit) English Edition",
                "platform_type": "WND64",
                "product_code": "SW.VSVR.OS.WND64.WND.SVR2016EN.B100",
                "product_description": "Windows Server 2016 (64-bit) English Edition",
                "product_name": "Windows Server 2016 (64-bit) English Edition",
                "product_type": "WINNT"
              },
              {
                "base_block_storage_size": "100GB",
                "id": "SW.VSVR.OS.WND64.WND.SVR2019EN.B100",
                "infra_resource_detail_type_code": "",
                "infra_resource_type": "SW",
                "os_information": "Windows Server 2019 (64-bit) English Edition",
                "platform_type": "WND64",
                "product_code": "SW.VSVR.OS.WND64.WND.SVR2019EN.B100",
                "product_description": "Windows Server 2019 (64-bit) English Edition",
                "product_name": "Windows Server 2019 (64-bit) English Edition",
                "product_type": "WINNT"
              }
            ]
          },
          "sensitive_attributes": []
        }
      ]
    },
    {
      "module": "module.compute",
      "mode": "data",
      "type": "ncloud_server_products",
      "name": "products",
      "provider": "provider[\"registry.terraform.io/navercloudplatform/ncloud\"]",
      "instances": [
        {
          "schema_version": 0,
          "attributes": {
            "exclusion_product_code": null,
            "filter": null,
            "id": "1929935984",
            "ids": [
              "SVR.VSVR.STAND.C002.M004.NET.HDD.B050.G001",
              "SVR.VSVR.STAND.C002.M004.NET.SSD.B050.G001",
              "SVR.VSVR.STAND.C002.M008.NET.HDD.B050.G001",
              "SVR.VSVR.STAND.C004.M008.NET.HDD.B050.G001",
              "SVR.VSVR.STAND.C002.M008.NET.SSD.B050.G001",
              "SVR.VSVR.STAND.C004.M008.NET.SSD.B050.G001",
              "SVR.VSVR.STAND.C002.M016.NET.HDD.B050.G001",
              "SVR.VSVR.STAND.C004.M016.NET.HDD.B050.G001",
              "SVR.VSVR.STAND.C008.M016.NET.HDD.B050.G001",
              "SVR.VSVR.STAND.C002.M016.NET.SSD.B050.G001",
              "SVR.VSVR.STAND.C004.M016.NET.SSD.B050.G001",
              "SVR.VSVR.STAND.C008.M016.NET.SSD.B050.G001",
              "SVR.VSVR.STAND.C004.M032.NET.HDD.B050.G001",
              "SVR.VSVR.STAND.C008.M032.NET.HDD.B050.G001",
              "SVR.VSVR.STAND.C016.M032.NET.HDD.B050.G001",
              "SVR.VSVR.STAND.C004.M032.NET.SSD.B050.G001",
              "SVR.VSVR.STAND.C008.M032.NET.SSD.B050.G001",
              "SVR.VSVR.STAND.C016.M032.NET.SSD.B050.G001",
              "SVR.VSVR.HIMEM.C008.M064.NET.HDD.B050.G001",
              "SVR.VSVR.HIMEM.C016.M064.NET.HDD.B050.G001",
              "SVR.VSVR.HIMEM.C008.M064.NET.SSD.B050.G001",
              "SVR.VSVR.HIMEM.C016.M064.NET.SSD.B050.G001",
              "SVR.VSVR.HIMEM.C016.M128.NET.HDD.B050.G001",
              "SVR.VSVR.HIMEM.C032.M128.NET.HDD.B050.G001",
              "SVR.VSVR.HIMEM.C016.M128.NET.SSD.B050.G001",
              "SVR.VSVR.HIMEM.C032.M128.NET.SSD.B050.G001",
              "SVR.VSVR.HIMEM.C032.M256.NET.HDD.B050.G001",
              "SVR.VSVR.HIMEM.C032.M256.NET.SSD.B050.G001"
            ],
            "internet_line_type_code": null,
            "output_file": "ncloud_server_products.json",
            "product_code": null,
            "product_name_regex": null,
            "server_image_product_code": "SW.VSVR.OS.LNX64.RHEL.0806.B050.H001",
            "server_products": [
              {
                "base_block_storage_size": "50GB",
                "cpu_count": 2,
                "disk_type": "NET",
                "generation_code": "G1",
                "id": "SVR.VSVR.STAND.C002.M004.NET.HDD.B050.G001",
                "infra_resource_type": "VSVR",
                "memory_size": "4GB",
                "product_code": "SVR.VSVR.STAND.C002.M004.NET.HDD.B050.G001",
                "product_description": "vCPU 2개, 메모리 4GB, 디스크 50GB",
                "product_name": "vCPU 2EA, Memory 4GB, Disk 50GB",
                "product_type": "STAND",
                "server_image_product_code": ""
              },
              {
                "base_block_storage_size": "50GB",
                "cpu_count": 2,
                "disk_type": "NET",
                "generation_code": "G1",
                "id": "SVR.VSVR.STAND.C002.M004.NET.SSD.B050.G001",
                "infra_resource_type": "VSVR",
                "memory_size": "4GB",
                "product_code": "SVR.VSVR.STAND.C002.M004.NET.SSD.B050.G001",
                "product_description": "vCPU 2개, 메모리 4GB, [SSD]디스크 50GB",
                "product_name": "vCPU 2EA, Memory 4GB, [SSD]Disk 50GB",
                "product_type": "STAND",
                "server_image_product_code": ""
              },
              {
                "base_block_storage_size": "50GB",
                "cpu_count": 2,
                "disk_type": "NET",
                "generation_code": "G1",
                "id": "SVR.VSVR.STAND.C002.M008.NET.HDD.B050.G001",
                "infra_resource_type": "VSVR",
                "memory_size": "8GB",
                "product_code": "SVR.VSVR.STAND.C002.M008.NET.HDD.B050.G001",
                "product_description": "vCPU 2개, 메모리 8GB, 디스크 50GB",
                "product_name": "vCPU 2EA, Memory 8GB, Disk 50GB",
                "product_type": "STAND",
                "server_image_product_code": ""
              },
              {
                "base_block_storage_size": "50GB",
                "cpu_count": 4,
                "disk_type": "NET",
                "generation_code": "G1",
                "id": "SVR.VSVR.STAND.C004.M008.NET.HDD.B050.G001",
                "infra_resource_type": "VSVR",
                "memory_size": "8GB",
                "product_code": "SVR.VSVR.STAND.C004.M008.NET.HDD.B050.G001",
                "product_description": "vCPU 4개, 메모리 8GB, 디스크 50GB",
                "product_name": "vCPU 4EA, Memory 8GB, Disk 50GB",
                "product_type": "STAND",
                "server_image_product_code": ""
              },
              {
                "base_block_storage_size": "50GB",
                "cpu_count": 2,
                "disk_type": "NET",
                "generation_code": "G1",
                "id": "SVR.VSVR.STAND.C002.M008.NET.SSD.B050.G001",
                "infra_resource_type": "VSVR",
                "memory_size": "8GB",
                "product_code": "SVR.VSVR.STAND.C002.M008.NET.SSD.B050.G001",
                "product_description": "vCPU 2개, 메모리 8GB, [SSD]디스크 50GB",
                "product_name": "vCPU 2EA, Memory 8GB, [SSD]Disk 50GB",
                "product_type": "STAND",
                "server_image_product_code": ""
              },
              {
                "base_block_storage_size": "50GB",
                "cpu_count": 4,
                "disk_type": "NET",
                "generation_code": "G1",
                "id": "SVR.VSVR.STAND.C004.M008.NET.SSD.B050.G001",
                "infra_resource_type": "VSVR",
                "memory_size": "8GB",
                "product_code": "SVR.VSVR.STAND.C004.M008.NET.SSD.B050.G001",
                "product_description": "vCPU 4개, 메모리 8GB, [SSD]디스크 50GB",
                "product_name": "vCPU 4EA, Memory 8GB, [SSD]Disk 50GB",
                "product_type": "STAND",
                "server_image_product_code": ""
              },
              {
                "base_block_storage_size": "50GB",
                "cpu_count": 2,
                "disk_type": "NET",
                "generation_code": "G1",
                "id": "SVR.VSVR.STAND.C002.M016.NET.HDD.B050.G001",
                "infra_resource_type": "VSVR",
                "memory_size": "16GB",
                "product_code": "SVR.VSVR.STAND.C002.M016.NET.HDD.B050.G001",
                "product_description": "vCPU 2EA, Memory 16GB, Disk 50GB",
                "product_name": "vCPU 2EA, Memory 16GB, Disk 50GB",
                "product_type": "STAND",
                "server_image_product_code": ""
              },
              {
                "base_block_storage_size": "50GB",
                "cpu_count": 4,
                "disk_type": "NET",
                "generation_code": "G1",
                "id": "SVR.VSVR.STAND.C004.M016.NET.HDD.B050.G001",
                "infra_resource_type": "VSVR",
                "memory_size": "16GB",
                "product_code": "SVR.VSVR.STAND.C004.M016.NET.HDD.B050.G001",
                "product_description": "vCPU 4개, 메모리 16GB, 디스크 50GB",
                "product_name": "vCPU 4EA, Memory 16GB, Disk 50GB",
                "product_type": "STAND",
                "server_image_product_code": ""
              },
              {
                "base_block_storage_size": "50GB",
                "cpu_count": 8,
                "disk_type": "NET",
                "generation_code": "G1",
                "id": "SVR.VSVR.STAND.C008.M016.NET.HDD.B050.G001",
                "infra_resource_type": "VSVR",
                "memory_size": "16GB",
                "product_code": "SVR.VSVR.STAND.C008.M016.NET.HDD.B050.G001",
                "product_description": "vCPU 8개, 메모리 16GB, 디스크 50GB",
                "product_name": "vCPU 8EA, Memory 16GB, Disk 50GB",
                "product_type": "STAND",
                "server_image_product_code": ""
              },
              {
                "base_block_storage_size": "50GB",
                "cpu_count": 2,
                "disk_type": "NET",
                "generation_code": "G1",
                "id": "SVR.VSVR.STAND.C002.M016.NET.SSD.B050.G001",
                "infra_resource_type": "VSVR",
                "memory_size": "16GB",
                "product_code": "SVR.VSVR.STAND.C002.M016.NET.SSD.B050.G001",
                "product_description": "vCPU 2EA, Memory 16GB, [SSD]Disk 50GB",
                "product_name": "vCPU 2EA, Memory 16GB, [SSD]Disk 50GB",
                "product_type": "STAND",
                "server_image_product_code": ""
              },
              {
                "base_block_storage_size": "50GB",
                "cpu_count": 4,
                "disk_type": "NET",
                "generation_code": "G1",
                "id": "SVR.VSVR.STAND.C004.M016.NET.SSD.B050.G001",
                "infra_resource_type": "VSVR",
                "memory_size": "16GB",
                "product_code": "SVR.VSVR.STAND.C004.M016.NET.SSD.B050.G001",
                "product_description": "vCPU 4개, 메모리 16GB, [SSD]디스크 50GB",
                "product_name": "vCPU 4EA, Memory 16GB, [SSD]Disk 50GB",
                "product_type": "STAND",
                "server_image_product_code": ""
              },
              {
                "base_block_storage_size": "50GB",
                "cpu_count": 8,
                "disk_type": "NET",
                "generation_code": "G1",
                "id": "SVR.VSVR.STAND.C008.M016.NET.SSD.B050.G001",
                "infra_resource_type": "VSVR",
                "memory_size": "16GB",
                "product_code": "SVR.VSVR.STAND.C008.M016.NET.SSD.B050.G001",
                "product_description": "vCPU 8개, 메모리 16GB, [SSD]디스크 50GB",
                "product_name": "vCPU 8EA, Memory 16GB, [SSD]Disk 50GB",
                "product_type": "STAND",
                "server_image_product_code": ""
              },
              {
                "base_block_storage_size": "50GB",
                "cpu_count": 4,
                "disk_type": "NET",
                "generation_code": "G1",
                "id": "SVR.VSVR.STAND.C004.M032.NET.HDD.B050.G001",
                "infra_resource_type": "VSVR",
                "memory_size": "32GB",
                "product_code": "SVR.VSVR.STAND.C004.M032.NET.HDD.B050.G001",
                "product_description": "vCPU 4EA, Memory 32GB, Disk 50GB",
                "product_name": "vCPU 4EA, Memory 32GB, Disk 50GB",
                "product_type": "STAND",
                "server_image_product_code": ""
              },
              {
                "base_block_storage_size": "50GB",
                "cpu_count": 8,
                "disk_type": "NET",
                "generation_code": "G1",
                "id": "SVR.VSVR.STAND.C008.M032.NET.HDD.B050.G001",
                "infra_resource_type": "VSVR",
                "memory_size": "32GB",
                "product_code": "SVR.VSVR.STAND.C008.M032.NET.HDD.B050.G001",
                "product_description": "vCPU 8EA, Memory 32GB, Disk 50GB",
                "product_name": "vCPU 8EA, Memory 32GB, Disk 50GB",
                "product_type": "STAND",
                "server_image_product_code": ""
              },
              {
                "base_block_storage_size": "50GB",
                "cpu_count": 16,
                "disk_type": "NET",
                "generation_code": "G1",
                "id": "SVR.VSVR.STAND.C016.M032.NET.HDD.B050.G001",
                "infra_resource_type": "VSVR",
                "memory_size": "32GB",
                "product_code": "SVR.VSVR.STAND.C016.M032.NET.HDD.B050.G001",
                "product_description": "vCPU 16EA, Memory 32GB, Disk 50GB",
                "product_name": "vCPU 16EA, Memory 32GB, Disk 50GB",
                "product_type": "STAND",
                "server_image_product_code": ""
              },
              {
                "base_block_storage_size": "50GB",
                "cpu_count": 4,
                "disk_type": "NET",
                "generation_code": "G1",
                "id": "SVR.VSVR.STAND.C004.M032.NET.SSD.B050.G001",
                "infra_resource_type": "VSVR",
                "memory_size": "32GB",
                "product_code": "SVR.VSVR.STAND.C004.M032.NET.SSD.B050.G001",
                "product_description": "vCPU 4EA, Memory 32GB, [SSD]Disk 50GB",
                "product_name": "vCPU 4EA, Memory 32GB, [SSD]Disk 50GB",
                "product_type": "STAND",
                "server_image_product_code": ""
              },
              {
                "base_block_storage_size": "50GB",
                "cpu_count": 8,
                "disk_type": "NET",
                "generation_code": "G1",
                "id": "SVR.VSVR.STAND.C008.M032.NET.SSD.B050.G001",
                "infra_resource_type": "VSVR",
                "memory_size": "32GB",
                "product_code": "SVR.VSVR.STAND.C008.M032.NET.SSD.B050.G001",
                "product_description": "vCPU 8EA, Memory 32GB, [SSD]Disk 50GB",
                "product_name": "vCPU 8EA, Memory 32GB, [SSD]Disk 50GB",
                "product_type": "STAND",
                "server_image_product_code": ""
              },
              {
                "base_block_storage_size": "50GB",
                "cpu_count": 16,
                "disk_type": "NET",
                "generation_code": "G1",
                "id": "SVR.VSVR.STAND.C016.M032.NET.SSD.B050.G001",
                "infra_resource_type": "VSVR",
                "memory_size": "32GB",
                "product_code": "SVR.VSVR.STAND.C016.M032.NET.SSD.B050.G001",
                "product_description": "vCPU 16EA, Memory 32GB, [SSD]Disk 50GB",
                "product_name": "vCPU 16EA, Memory 32GB, [SSD]Disk 50GB",
                "product_type": "STAND",
                "server_image_product_code": ""
              },
              {
                "base_block_storage_size": "50GB",
                "cpu_count": 8,
                "disk_type": "NET",
                "generation_code": "G1",
                "id": "SVR.VSVR.HIMEM.C008.M064.NET.HDD.B050.G001",
                "infra_resource_type": "VSVR",
                "memory_size": "64GB",
                "product_code": "SVR.VSVR.HIMEM.C008.M064.NET.HDD.B050.G001",
                "product_description": "vCPU 8EA, Memory 64GB, Disk 50GB",
                "product_name": "vCPU 8EA, Memory 64GB, Disk 50GB",
                "product_type": "HIMEM",
                "server_image_product_code": ""
              },
              {
                "base_block_storage_size": "50GB",
                "cpu_count": 16,
                "disk_type": "NET",
                "generation_code": "G1",
                "id": "SVR.VSVR.HIMEM.C016.M064.NET.HDD.B050.G001",
                "infra_resource_type": "VSVR",
                "memory_size": "64GB",
                "product_code": "SVR.VSVR.HIMEM.C016.M064.NET.HDD.B050.G001",
                "product_description": "vCPU 16EA, Memory 64GB, Disk 50GB",
                "product_name": "vCPU 16EA, Memory 64GB, Disk 50GB",
                "product_type": "HIMEM",
                "server_image_product_code": ""
              },
              {
                "base_block_storage_size": "50GB",
                "cpu_count": 8,
                "disk_type": "NET",
                "generation_code": "G1",
                "id": "SVR.VSVR.HIMEM.C008.M064.NET.SSD.B050.G001",
                "infra_resource_type": "VSVR",
                "memory_size": "64GB",
                "product_code": "SVR.VSVR.HIMEM.C008.M064.NET.SSD.B050.G001",
                "product_description": "vCPU 8EA, Memory 64GB, [SSD]Disk 50GB",
                "product_name": "vCPU 8EA, Memory 64GB, [SSD]Disk 50GB",
                "product_type": "HIMEM",
                "server_image_product_code": ""
              },
              {
                "base_block_storage_size": "50GB",
                "cpu_count": 16,
                "disk_type": "NET",
                "generation_code": "G1",
                "id": "SVR.VSVR.HIMEM.C016.M064.NET.SSD.B050.G001",
                "infra_resource_type": "VSVR",
                "memory_size": "64GB",
                "product_code": "SVR.VSVR.HIMEM.C016.M064.NET.SSD.B050.G001",
                "product_description": "vCPU 16EA, Memory 64GB, [SSD]Disk 50GB",
                "product_name": "vCPU 16EA, Memory 64GB, [SSD]Disk 50GB",
                "product_type": "HIMEM",
                "server_image_product_code": ""
              },
              {
                "base_block_storage_size": "50GB",
                "cpu_count": 16,
                "disk_type": "NET",
                "generation_code": "G1",
                "id": "SVR.VSVR.HIMEM.C016.M128.NET.HDD.B050.G001",
                "infra_resource_type": "VSVR",
                "memory_size": "128GB",
                "product_code": "SVR.VSVR.HIMEM.C016.M128.NET.HDD.B050.G001",
                "product_description": "vCPU 16EA, Memory 128GB, Disk 50GB",
                "product_name": "vCPU 16EA, Memory 128GB, Disk 50GB",
                "product_type": "HIMEM",
                "server_image_product_code": ""
              },
              {
                "base_block_storage_size": "50GB",
                "cpu_count": 32,
                "disk_type": "NET",
                "generation_code": "G1",
                "id": "SVR.VSVR.HIMEM.C032.M128.NET.HDD.B050.G001",
                "infra_resource_type": "VSVR",
                "memory_size": "128GB",
                "product_code": "SVR.VSVR.HIMEM.C032.M128.NET.HDD.B050.G001",
                "product_description": "vCPU 32EA, Memory 128GB, Disk 50GB",
                "product_name": "vCPU 32EA, Memory 128GB, Disk 50GB",
                "product_type": "HIMEM",
                "server_image_product_code": ""
              },
              {
                "base_block_storage_size": "50GB",
                "cpu_count": 16,
                "disk_type": "NET",
                "generation_code": "G1",
                "id": "SVR.VSVR.HIMEM.C016.M128.NET.SSD.B050.G001",
                "infra_resource_type": "VSVR",
                "memory_size": "128GB",
                "product_code": "SVR.VSVR.HIMEM.C016.M128.NET.SSD.B050.G001",
                "product_description": "vCPU 16EA, Memory 128GB, [SSD]Disk 50GB",
                "product_name": "vCPU 16EA, Memory 128GB, [SSD]Disk 50GB",
                "product_type": "HIMEM",
                "server_image_product_code": ""
              },
              {
                "base_block_storage_size": "50GB",
                "cpu_count": 32,
                "disk_type": "NET",
                "generation_code": "G1",
                "id": "SVR.VSVR.HIMEM.C032.M128.NET.SSD.B050.G001",
                "infra_resource_type": "VSVR",
                "memory_size": "128GB",
                "product_code": "SVR.VSVR.HIMEM.C032.M128.NET.SSD.B050.G001",
                "product_description": "vCPU 32EA, Memory 128GB, [SSD]Disk 50GB",
                "product_name": "vCPU 32EA, Memory 128GB, [SSD]Disk 50GB",
                "product_type": "HIMEM",
                "server_image_product_code": ""
              },
              {
                "base_block_storage_size": "50GB",
                "cpu_count": 32,
                "disk_type": "NET",
                "generation_code": "G1",
                "id": "SVR.VSVR.HIMEM.C032.M256.NET.HDD.B050.G001",
                "infra_resource_type": "VSVR",
                "memory_size": "256GB",
                "product_code": "SVR.VSVR.HIMEM.C032.M256.NET.HDD.B050.G001",
                "product_description": "vCPU 32EA, Memory 256GB, Disk 50GB",
                "product_name": "vCPU 32EA, Memory 256GB, Disk 50GB",
                "product_type": "HIMEM",
                "server_image_product_code": ""
              },
              {
                "base_block_storage_size": "50GB",
                "cpu_count": 32,
                "disk_type": "NET",
                "generation_code": "G1",
                "id": "SVR.VSVR.HIMEM.C032.M256.NET.SSD.B050.G001",
                "infra_resource_type": "VSVR",
                "memory_size": "256GB",
                "product_code": "SVR.VSVR.HIMEM.C032.M256.NET.SSD.B050.G001",
                "product_description": "vCPU 32EA, Memory 256GB, [SSD]Disk 50GB",
                "product_name": "vCPU 32EA, Memory 256GB, [SSD]Disk 50GB",
                "product_type": "HIMEM",
                "server_image_product_code": ""
              }
            ],
            "zone": null
          },
          "sensitive_attributes": []
        }
      ]
    },
    {
      "module": "module.compute",
      "mode": "managed",
      "type": "ncloud_init_script",
      "name": "init",
      "provider": "provider[\"registry.terraform.io/navercloudplatform/ncloud\"]",
      "instances": [
        {
          "schema_version": 0,
          "attributes": {
            "content": "#!/bin/bash\nuseradd mtp\necho 'Rnfjrl@0' | passwd --stdin mtp\ncp -a /etc/sudoers /etc/sudoers.bak\necho \"mtp ALL=(ALL)       NOPASSWD: ALL\" \u003e\u003e /etc/sudoers\n\nuseradd hroadm\necho 'Wlsekffo!@0' | passwd --stdin hroadm\ncp -a /etc/sudoers /etc/sudoers.bak\necho \"mtp ALL=(ALL)       NOPASSWD: ALL\" \u003e\u003e /etc/sudoers",
            "description": "mtp, hro 관리자 계정 추가",
            "id": "24195",
            "init_script_no": "24195",
            "name": "mtp-base-init",
            "os_type": "LNX"
          },
          "sensitive_attributes": [],
          "private": "bnVsbA==",
          "dependencies": [
            "module.network.ncloud_nat_gateway.main-nat-gateway",
            "module.network.ncloud_subnet.main-private-lb-subnets",
            "module.network.ncloud_subnet.main-private-subnets",
            "module.network.ncloud_subnet.main-public-subnets",
            "module.network.ncloud_vpc.main",
            "module.security.ncloud_access_control_group.instance-acg",
            "module.security.ncloud_access_control_group_rule.acg-rule"
          ]
        }
      ]
    },
    {
      "module": "module.compute",
      "mode": "managed",
      "type": "ncloud_network_interface",
      "name": "nic",
      "provider": "provider[\"registry.terraform.io/navercloudplatform/ncloud\"]",
      "instances": [
        {
          "index_key": "chnlweb",
          "schema_version": 0,
          "attributes": {
            "access_control_groups": [
              "36772"
            ],
            "description": "",
            "id": "391165",
            "instance_type": null,
            "is_default": false,
            "name": "nic-hello-hro-dev-chnlweb",
            "network_interface_no": "391165",
            "private_ip": "10.3.10.7",
            "server_instance_no": "",
            "status": "NOTUSED",
            "subnet_no": "30944"
          },
          "sensitive_attributes": [],
          "private": "bnVsbA==",
          "dependencies": [
            "module.network.ncloud_nat_gateway.main-nat-gateway",
            "module.network.ncloud_subnet.main-private-lb-subnets",
            "module.network.ncloud_subnet.main-private-subnets",
            "module.network.ncloud_subnet.main-public-subnets",
            "module.network.ncloud_vpc.main",
            "module.security.ncloud_access_control_group.instance-acg",
            "module.security.ncloud_access_control_group_rule.acg-rule"
          ]
        },
        {
          "index_key": "coreweb",
          "schema_version": 0,
          "attributes": {
            "access_control_groups": [
              "36768"
            ],
            "description": "",
            "id": "391170",
            "instance_type": null,
            "is_default": false,
            "name": "nic-hello-hro-dev-coreweb",
            "network_interface_no": "391170",
            "private_ip": "10.3.20.9",
            "server_instance_no": "",
            "status": "NOTUSED",
            "subnet_no": "30943"
          },
          "sensitive_attributes": [],
          "private": "bnVsbA==",
          "dependencies": [
            "module.network.ncloud_nat_gateway.main-nat-gateway",
            "module.network.ncloud_subnet.main-private-lb-subnets",
            "module.network.ncloud_subnet.main-private-subnets",
            "module.network.ncloud_subnet.main-public-subnets",
            "module.network.ncloud_vpc.main",
            "module.security.ncloud_access_control_group.instance-acg",
            "module.security.ncloud_access_control_group_rule.acg-rule"
          ]
        },
        {
          "index_key": "edmsap",
          "schema_version": 0,
          "attributes": {
            "access_control_groups": [
              "36771"
            ],
            "description": "",
            "id": "391167",
            "instance_type": null,
            "is_default": false,
            "name": "nic-hello-hro-dev-edmsap",
            "network_interface_no": "391167",
            "private_ip": "10.3.20.7",
            "server_instance_no": "",
            "status": "NOTUSED",
            "subnet_no": "30943"
          },
          "sensitive_attributes": [],
          "private": "bnVsbA==",
          "dependencies": [
            "module.network.ncloud_nat_gateway.main-nat-gateway",
            "module.network.ncloud_subnet.main-private-lb-subnets",
            "module.network.ncloud_subnet.main-private-subnets",
            "module.network.ncloud_subnet.main-public-subnets",
            "module.network.ncloud_vpc.main",
            "module.security.ncloud_access_control_group.instance-acg",
            "module.security.ncloud_access_control_group_rule.acg-rule"
          ]
        },
        {
          "index_key": "extfileap",
          "schema_version": 0,
          "attributes": {
            "access_control_groups": [
              "36775"
            ],
            "description": "",
            "id": "391163",
            "instance_type": null,
            "is_default": false,
            "name": "nic-hello-hro-dev-extfileap",
            "network_interface_no": "391163",
            "private_ip": "10.3.40.6",
            "server_instance_no": "",
            "status": "NOTUSED",
            "subnet_no": "30947"
          },
          "sensitive_attributes": [],
          "private": "bnVsbA==",
          "dependencies": [
            "module.network.ncloud_nat_gateway.main-nat-gateway",
            "module.network.ncloud_subnet.main-private-lb-subnets",
            "module.network.ncloud_subnet.main-private-subnets",
            "module.network.ncloud_subnet.main-public-subnets",
            "module.network.ncloud_vpc.main",
            "module.security.ncloud_access_control_group.instance-acg",
            "module.security.ncloud_access_control_group_rule.acg-rule"
          ]
        },
        {
          "index_key": "fepap",
          "schema_version": 0,
          "attributes": {
            "access_control_groups": [
              "36774"
            ],
            "description": "",
            "id": "391166",
            "instance_type": null,
            "is_default": false,
            "name": "nic-hello-hro-dev-fepap",
            "network_interface_no": "391166",
            "private_ip": "10.3.40.7",
            "server_instance_no": "",
            "status": "NOTUSED",
            "subnet_no": "30947"
          },
          "sensitive_attributes": [],
          "private": "bnVsbA==",
          "dependencies": [
            "module.network.ncloud_nat_gateway.main-nat-gateway",
            "module.network.ncloud_subnet.main-private-lb-subnets",
            "module.network.ncloud_subnet.main-private-subnets",
            "module.network.ncloud_subnet.main-public-subnets",
            "module.network.ncloud_vpc.main",
            "module.security.ncloud_access_control_group.instance-acg",
            "module.security.ncloud_access_control_group_rule.acg-rule"
          ]
        },
        {
          "index_key": "mciap",
          "schema_version": 0,
          "attributes": {
            "access_control_groups": [
              "36765"
            ],
            "description": "",
            "id": "391143",
            "instance_type": "VSVR",
            "is_default": true,
            "name": "nic-hello-hro-dev-mciap",
            "network_interface_no": "391143",
            "private_ip": "10.3.20.6",
            "server_instance_no": "16678700",
            "status": "USED",
            "subnet_no": "30943"
          },
          "sensitive_attributes": [],
          "private": "bnVsbA==",
          "dependencies": [
            "module.network.ncloud_nat_gateway.main-nat-gateway",
            "module.network.ncloud_subnet.main-private-lb-subnets",
            "module.network.ncloud_subnet.main-private-subnets",
            "module.network.ncloud_subnet.main-public-subnets",
            "module.network.ncloud_vpc.main",
            "module.security.ncloud_access_control_group.instance-acg",
            "module.security.ncloud_access_control_group_rule.acg-rule"
          ]
        },
        {
          "index_key": "metaap",
          "schema_version": 0,
          "attributes": {
            "access_control_groups": [
              "36773"
            ],
            "description": "",
            "id": "391164",
            "instance_type": null,
            "is_default": false,
            "name": "nic-hello-hro-dev-metaap",
            "network_interface_no": "391164",
            "private_ip": "10.3.10.6",
            "server_instance_no": "",
            "status": "NOTUSED",
            "subnet_no": "30944"
          },
          "sensitive_attributes": [],
          "private": "bnVsbA==",
          "dependencies": [
            "module.network.ncloud_nat_gateway.main-nat-gateway",
            "module.network.ncloud_subnet.main-private-lb-subnets",
            "module.network.ncloud_subnet.main-private-subnets",
            "module.network.ncloud_subnet.main-public-subnets",
            "module.network.ncloud_vpc.main",
            "module.security.ncloud_access_control_group.instance-acg",
            "module.security.ncloud_access_control_group_rule.acg-rule"
          ]
        },
        {
          "index_key": "proxyap",
          "schema_version": 0,
          "attributes": {
            "access_control_groups": [
              "36770"
            ],
            "description": "",
            "id": "391173",
            "instance_type": null,
            "is_default": false,
            "name": "nic-hello-hro-dev-proxyap",
            "network_interface_no": "391173",
            "private_ip": "10.3.10.9",
            "server_instance_no": "",
            "status": "NOTUSED",
            "subnet_no": "30944"
          },
          "sensitive_attributes": [],
          "private": "bnVsbA==",
          "dependencies": [
            "module.network.ncloud_nat_gateway.main-nat-gateway",
            "module.network.ncloud_subnet.main-private-lb-subnets",
            "module.network.ncloud_subnet.main-private-subnets",
            "module.network.ncloud_subnet.main-public-subnets",
            "module.network.ncloud_vpc.main",
            "module.security.ncloud_access_control_group.instance-acg",
            "module.security.ncloud_access_control_group_rule.acg-rule"
          ]
        },
        {
          "index_key": "reportap",
          "schema_version": 0,
          "attributes": {
            "access_control_groups": [
              "36769"
            ],
            "description": "",
            "id": "391169",
            "instance_type": null,
            "is_default": false,
            "name": "nic-hello-hro-dev-reportap",
            "network_interface_no": "391169",
            "private_ip": "10.3.20.8",
            "server_instance_no": "",
            "status": "NOTUSED",
            "subnet_no": "30943"
          },
          "sensitive_attributes": [],
          "private": "bnVsbA==",
          "dependencies": [
            "module.network.ncloud_nat_gateway.main-nat-gateway",
            "module.network.ncloud_subnet.main-private-lb-subnets",
            "module.network.ncloud_subnet.main-private-subnets",
            "module.network.ncloud_subnet.main-public-subnets",
            "module.network.ncloud_vpc.main",
            "module.security.ncloud_access_control_group.instance-acg",
            "module.security.ncloud_access_control_group_rule.acg-rule"
          ]
        },
        {
          "index_key": "solweb",
          "schema_version": 0,
          "attributes": {
            "access_control_groups": [
              "36766"
            ],
            "description": "",
            "id": "391171",
            "instance_type": null,
            "is_default": false,
            "name": "nic-hello-hro-dev-solweb",
            "network_interface_no": "391171",
            "private_ip": "10.3.10.8",
            "server_instance_no": "",
            "status": "NOTUSED",
            "subnet_no": "30944"
          },
          "sensitive_attributes": [],
          "private": "bnVsbA==",
          "dependencies": [
            "module.network.ncloud_nat_gateway.main-nat-gateway",
            "module.network.ncloud_subnet.main-private-lb-subnets",
            "module.network.ncloud_subnet.main-private-subnets",
            "module.network.ncloud_subnet.main-public-subnets",
            "module.network.ncloud_vpc.main",
            "module.security.ncloud_access_control_group.instance-acg",
            "module.security.ncloud_access_control_group_rule.acg-rule"
          ]
        },
        {
          "index_key": "ssoeamap",
          "schema_version": 0,
          "attributes": {
            "access_control_groups": [
              "36776"
            ],
            "description": "",
            "id": "391172",
            "instance_type": null,
            "is_default": false,
            "name": "nic-hello-hro-dev-ssoeamap",
            "network_interface_no": "391172",
            "private_ip": "10.3.20.10",
            "server_instance_no": "",
            "status": "NOTUSED",
            "subnet_no": "30943"
          },
          "sensitive_attributes": [],
          "private": "bnVsbA==",
          "dependencies": [
            "module.network.ncloud_nat_gateway.main-nat-gateway",
            "module.network.ncloud_subnet.main-private-lb-subnets",
            "module.network.ncloud_subnet.main-private-subnets",
            "module.network.ncloud_subnet.main-public-subnets",
            "module.network.ncloud_vpc.main",
            "module.security.ncloud_access_control_group.instance-acg",
            "module.security.ncloud_access_control_group_rule.acg-rule"
          ]
        },
        {
          "index_key": "webfaxap",
          "schema_version": 0,
          "attributes": {
            "access_control_groups": [
              "36767"
            ],
            "description": "",
            "id": "391168",
            "instance_type": null,
            "is_default": false,
            "name": "nic-hello-hro-dev-webfaxap",
            "network_interface_no": "391168",
            "private_ip": "10.3.40.8",
            "server_instance_no": "",
            "status": "NOTUSED",
            "subnet_no": "30947"
          },
          "sensitive_attributes": [],
          "private": "bnVsbA==",
          "dependencies": [
            "module.network.ncloud_nat_gateway.main-nat-gateway",
            "module.network.ncloud_subnet.main-private-lb-subnets",
            "module.network.ncloud_subnet.main-private-subnets",
            "module.network.ncloud_subnet.main-public-subnets",
            "module.network.ncloud_vpc.main",
            "module.security.ncloud_access_control_group.instance-acg",
            "module.security.ncloud_access_control_group_rule.acg-rule"
          ]
        }
      ]
    },
    {
      "module": "module.compute",
      "mode": "managed",
      "type": "ncloud_public_ip",
      "name": "pulbic_ip",
      "provider": "provider[\"registry.terraform.io/navercloudplatform/ncloud\"]",
      "instances": [
        {
          "index_key": "chnlweb",
          "schema_version": 0,
          "attributes": {
            "description": "",
            "id": "16679109",
            "instance_no": "16679109",
            "internet_line_type": null,
            "kind_type": null,
            "public_ip": "221.168.36.249",
            "public_ip_no": "16679109",
            "server_instance_no": "16679054",
            "zone": null
          },
          "sensitive_attributes": [],
          "private": "bnVsbA==",
          "dependencies": [
            "module.compute.ncloud_init_script.init",
            "module.compute.ncloud_network_interface.nic",
            "module.compute.ncloud_server.server",
            "module.network.ncloud_nat_gateway.main-nat-gateway",
            "module.network.ncloud_subnet.main-private-lb-subnets",
            "module.network.ncloud_subnet.main-private-subnets",
            "module.network.ncloud_subnet.main-public-subnets",
            "module.network.ncloud_vpc.main",
            "module.security.ncloud_access_control_group.instance-acg",
            "module.security.ncloud_access_control_group_rule.acg-rule"
          ]
        },
        {
          "index_key": "metaap",
          "schema_version": 0,
          "attributes": {
            "description": "",
            "id": "16679110",
            "instance_no": "16679110",
            "internet_line_type": null,
            "kind_type": null,
            "public_ip": "221.168.39.36",
            "public_ip_no": "16679110",
            "server_instance_no": "16678941",
            "zone": null
          },
          "sensitive_attributes": [],
          "private": "bnVsbA==",
          "dependencies": [
            "module.compute.ncloud_init_script.init",
            "module.compute.ncloud_network_interface.nic",
            "module.compute.ncloud_server.server",
            "module.network.ncloud_nat_gateway.main-nat-gateway",
            "module.network.ncloud_subnet.main-private-lb-subnets",
            "module.network.ncloud_subnet.main-private-subnets",
            "module.network.ncloud_subnet.main-public-subnets",
            "module.network.ncloud_vpc.main",
            "module.security.ncloud_access_control_group.instance-acg",
            "module.security.ncloud_access_control_group_rule.acg-rule"
          ]
        },
        {
          "index_key": "proxyap",
          "schema_version": 0,
          "attributes": {
            "description": "",
            "id": "16679111",
            "instance_no": "16679111",
            "internet_line_type": null,
            "kind_type": null,
            "public_ip": "221.168.36.165",
            "public_ip_no": "16679111",
            "server_instance_no": "16678945",
            "zone": null
          },
          "sensitive_attributes": [],
          "private": "bnVsbA==",
          "dependencies": [
            "module.compute.ncloud_init_script.init",
            "module.compute.ncloud_network_interface.nic",
            "module.compute.ncloud_server.server",
            "module.network.ncloud_nat_gateway.main-nat-gateway",
            "module.network.ncloud_subnet.main-private-lb-subnets",
            "module.network.ncloud_subnet.main-private-subnets",
            "module.network.ncloud_subnet.main-public-subnets",
            "module.network.ncloud_vpc.main",
            "module.security.ncloud_access_control_group.instance-acg",
            "module.security.ncloud_access_control_group_rule.acg-rule"
          ]
        },
        {
          "index_key": "solweb",
          "schema_version": 0,
          "attributes": {
            "description": "",
            "id": "16679112",
            "instance_no": "16679112",
            "internet_line_type": null,
            "kind_type": null,
            "public_ip": "221.168.38.28",
            "public_ip_no": "16679112",
            "server_instance_no": "16678943",
            "zone": null
          },
          "sensitive_attributes": [],
          "private": "bnVsbA==",
          "dependencies": [
            "module.compute.ncloud_init_script.init",
            "module.compute.ncloud_network_interface.nic",
            "module.compute.ncloud_server.server",
            "module.network.ncloud_nat_gateway.main-nat-gateway",
            "module.network.ncloud_subnet.main-private-lb-subnets",
            "module.network.ncloud_subnet.main-private-subnets",
            "module.network.ncloud_subnet.main-public-subnets",
            "module.network.ncloud_vpc.main",
            "module.security.ncloud_access_control_group.instance-acg",
            "module.security.ncloud_access_control_group_rule.acg-rule"
          ]
        }
      ]
    },
    {
      "module": "module.compute",
      "mode": "managed",
      "type": "ncloud_server",
      "name": "server",
      "provider": "provider[\"registry.terraform.io/navercloudplatform/ncloud\"]",
      "instances": [
        {
          "index_key": "chnlweb",
          "schema_version": 0,
          "attributes": {
            "access_control_group_configuration_no_list": null,
            "base_block_storage_disk_detail_type": "HDD",
            "base_block_storage_disk_type": "NET",
            "base_block_storage_size": null,
            "cpu_count": 2,
            "description": "",
            "fee_system_type_code": null,
            "id": "16679054",
            "init_script_no": "24195",
            "instance_no": "16679054",
            "internet_line_type": null,
            "is_encrypted_base_block_storage_volume": null,
            "is_fee_charging_monitoring": null,
            "is_protect_server_termination": false,
            "login_key_name": "cn-hro-test",
            "member_server_image_no": null,
            "memory_size": 4294967296,
            "name": "hello-hro-dev-chnlweb",
            "network_interface": [
              {
                "network_interface_no": "391165",
                "order": 0,
                "private_ip": "10.3.10.7",
                "subnet_no": "30944"
              }
            ],
            "placement_group_no": "",
            "platform_type": "LNX64",
            "port_forwarding_external_port": null,
            "port_forwarding_internal_port": null,
            "port_forwarding_public_ip": null,
            "private_ip": null,
            "public_ip": "",
            "raid_type_name": null,
            "region": null,
            "server_image_name": null,
            "server_image_product_code": "SW.VSVR.OS.LNX64.RHEL.0806.B050.H001",
            "server_product_code": "SVR.VSVR.STAND.C002.M004.NET.HDD.B050.G001",
            "subnet_no": "30944",
            "tag_list": [
              {
                "tag_key": "ansible_group",
                "tag_value": "webserver"
              },
              {
                "tag_key": "tf",
                "tag_value": "2023-04-04-09:31:11"
              },
              {
                "tag_key": "tier",
                "tag_value": "frontend"
              }
            ],
            "timeouts": null,
            "user_data": null,
            "vpc_no": "19944",
            "zone": "FKR-1"
          },
          "sensitive_attributes": [],
          "private": "eyJlMmJmYjczMC1lY2FhLTExZTYtOGY4OC0zNDM2M2JjN2M0YzAiOnsiY3JlYXRlIjozNjAwMDAwMDAwMDAwLCJkZWxldGUiOjMwMDAwMDAwMDAwMH19",
          "dependencies": [
            "module.compute.ncloud_init_script.init",
            "module.compute.ncloud_network_interface.nic",
            "module.network.ncloud_nat_gateway.main-nat-gateway",
            "module.network.ncloud_subnet.main-private-lb-subnets",
            "module.network.ncloud_subnet.main-private-subnets",
            "module.network.ncloud_subnet.main-public-subnets",
            "module.network.ncloud_vpc.main",
            "module.security.ncloud_access_control_group.instance-acg",
            "module.security.ncloud_access_control_group_rule.acg-rule"
          ]
        },
        {
          "index_key": "coreweb",
          "schema_version": 0,
          "attributes": {
            "access_control_group_configuration_no_list": null,
            "base_block_storage_disk_detail_type": "HDD",
            "base_block_storage_disk_type": "NET",
            "base_block_storage_size": null,
            "cpu_count": 2,
            "description": "",
            "fee_system_type_code": null,
            "id": "16678938",
            "init_script_no": "24195",
            "instance_no": "16678938",
            "internet_line_type": null,
            "is_encrypted_base_block_storage_volume": null,
            "is_fee_charging_monitoring": null,
            "is_protect_server_termination": false,
            "login_key_name": "cn-hro-test",
            "member_server_image_no": null,
            "memory_size": 4294967296,
            "name": "hello-hro-dev-coreweb",
            "network_interface": [
              {
                "network_interface_no": "391170",
                "order": 0,
                "private_ip": "10.3.20.9",
                "subnet_no": "30943"
              }
            ],
            "placement_group_no": "",
            "platform_type": "LNX64",
            "port_forwarding_external_port": null,
            "port_forwarding_internal_port": null,
            "port_forwarding_public_ip": null,
            "private_ip": null,
            "public_ip": "",
            "raid_type_name": null,
            "region": null,
            "server_image_name": null,
            "server_image_product_code": "SW.VSVR.OS.LNX64.RHEL.0806.B050.H001",
            "server_product_code": "SVR.VSVR.STAND.C002.M004.NET.HDD.B050.G001",
            "subnet_no": "30943",
            "tag_list": [
              {
                "tag_key": "ansible_group",
                "tag_value": "webserver"
              },
              {
                "tag_key": "tf",
                "tag_value": "2023-04-04-09:24:50"
              },
              {
                "tag_key": "tier",
                "tag_value": "frontend"
              }
            ],
            "timeouts": null,
            "user_data": null,
            "vpc_no": "19944",
            "zone": "FKR-1"
          },
          "sensitive_attributes": [],
          "private": "eyJlMmJmYjczMC1lY2FhLTExZTYtOGY4OC0zNDM2M2JjN2M0YzAiOnsiY3JlYXRlIjozNjAwMDAwMDAwMDAwLCJkZWxldGUiOjMwMDAwMDAwMDAwMH19",
          "dependencies": [
            "module.compute.ncloud_init_script.init",
            "module.compute.ncloud_network_interface.nic",
            "module.network.ncloud_nat_gateway.main-nat-gateway",
            "module.network.ncloud_subnet.main-private-lb-subnets",
            "module.network.ncloud_subnet.main-private-subnets",
            "module.network.ncloud_subnet.main-public-subnets",
            "module.network.ncloud_vpc.main",
            "module.security.ncloud_access_control_group.instance-acg",
            "module.security.ncloud_access_control_group_rule.acg-rule"
          ]
        },
        {
          "index_key": "edmsap",
          "schema_version": 0,
          "attributes": {
            "access_control_group_configuration_no_list": null,
            "base_block_storage_disk_detail_type": "HDD",
            "base_block_storage_disk_type": "NET",
            "base_block_storage_size": null,
            "cpu_count": 2,
            "description": "",
            "fee_system_type_code": null,
            "id": "16678935",
            "init_script_no": "24195",
            "instance_no": "16678935",
            "internet_line_type": null,
            "is_encrypted_base_block_storage_volume": null,
            "is_fee_charging_monitoring": null,
            "is_protect_server_termination": false,
            "login_key_name": "cn-hro-test",
            "member_server_image_no": null,
            "memory_size": 4294967296,
            "name": "hello-hro-dev-edmsap",
            "network_interface": [
              {
                "network_interface_no": "391167",
                "order": 0,
                "private_ip": "10.3.20.7",
                "subnet_no": "30943"
              }
            ],
            "placement_group_no": "",
            "platform_type": "LNX64",
            "port_forwarding_external_port": null,
            "port_forwarding_internal_port": null,
            "port_forwarding_public_ip": null,
            "private_ip": null,
            "public_ip": "",
            "raid_type_name": null,
            "region": null,
            "server_image_name": null,
            "server_image_product_code": "SW.VSVR.OS.LNX64.RHEL.0806.B050.H001",
            "server_product_code": "SVR.VSVR.STAND.C002.M004.NET.HDD.B050.G001",
            "subnet_no": "30943",
            "tag_list": [
              {
                "tag_key": "ansible_group",
                "tag_value": "solution"
              },
              {
                "tag_key": "tf",
                "tag_value": "2023-04-04-09:24:50"
              },
              {
                "tag_key": "tier",
                "tag_value": "solution"
              }
            ],
            "timeouts": null,
            "user_data": null,
            "vpc_no": "19944",
            "zone": "FKR-1"
          },
          "sensitive_attributes": [],
          "private": "eyJlMmJmYjczMC1lY2FhLTExZTYtOGY4OC0zNDM2M2JjN2M0YzAiOnsiY3JlYXRlIjozNjAwMDAwMDAwMDAwLCJkZWxldGUiOjMwMDAwMDAwMDAwMH19",
          "dependencies": [
            "module.compute.ncloud_init_script.init",
            "module.compute.ncloud_network_interface.nic",
            "module.network.ncloud_nat_gateway.main-nat-gateway",
            "module.network.ncloud_subnet.main-private-lb-subnets",
            "module.network.ncloud_subnet.main-private-subnets",
            "module.network.ncloud_subnet.main-public-subnets",
            "module.network.ncloud_vpc.main",
            "module.security.ncloud_access_control_group.instance-acg",
            "module.security.ncloud_access_control_group_rule.acg-rule"
          ]
        },
        {
          "index_key": "extfileap",
          "schema_version": 0,
          "attributes": {
            "access_control_group_configuration_no_list": null,
            "base_block_storage_disk_detail_type": "HDD",
            "base_block_storage_disk_type": "NET",
            "base_block_storage_size": null,
            "cpu_count": 2,
            "description": "",
            "fee_system_type_code": null,
            "id": "16678926",
            "init_script_no": "24195",
            "instance_no": "16678926",
            "internet_line_type": null,
            "is_encrypted_base_block_storage_volume": null,
            "is_fee_charging_monitoring": null,
            "is_protect_server_termination": false,
            "login_key_name": "cn-hro-test",
            "member_server_image_no": null,
            "memory_size": 4294967296,
            "name": "hello-hro-dev-extfileap",
            "network_interface": [
              {
                "network_interface_no": "391163",
                "order": 0,
                "private_ip": "10.3.40.6",
                "subnet_no": "30947"
              }
            ],
            "placement_group_no": "",
            "platform_type": "LNX64",
            "port_forwarding_external_port": null,
            "port_forwarding_internal_port": null,
            "port_forwarding_public_ip": null,
            "private_ip": null,
            "public_ip": "",
            "raid_type_name": null,
            "region": null,
            "server_image_name": null,
            "server_image_product_code": "SW.VSVR.OS.LNX64.RHEL.0806.B050.H001",
            "server_product_code": "SVR.VSVR.STAND.C002.M004.NET.HDD.B050.G001",
            "subnet_no": "30947",
            "tag_list": [
              {
                "tag_key": "ansible_group",
                "tag_value": "solution"
              },
              {
                "tag_key": "tf",
                "tag_value": "2023-04-04-09:24:50"
              },
              {
                "tag_key": "tier",
                "tag_value": "solution"
              }
            ],
            "timeouts": null,
            "user_data": null,
            "vpc_no": "19944",
            "zone": "FKR-1"
          },
          "sensitive_attributes": [],
          "private": "eyJlMmJmYjczMC1lY2FhLTExZTYtOGY4OC0zNDM2M2JjN2M0YzAiOnsiY3JlYXRlIjozNjAwMDAwMDAwMDAwLCJkZWxldGUiOjMwMDAwMDAwMDAwMH19",
          "dependencies": [
            "module.compute.ncloud_init_script.init",
            "module.compute.ncloud_network_interface.nic",
            "module.network.ncloud_nat_gateway.main-nat-gateway",
            "module.network.ncloud_subnet.main-private-lb-subnets",
            "module.network.ncloud_subnet.main-private-subnets",
            "module.network.ncloud_subnet.main-public-subnets",
            "module.network.ncloud_vpc.main",
            "module.security.ncloud_access_control_group.instance-acg",
            "module.security.ncloud_access_control_group_rule.acg-rule"
          ]
        },
        {
          "index_key": "fepap",
          "schema_version": 0,
          "attributes": {
            "access_control_group_configuration_no_list": null,
            "base_block_storage_disk_detail_type": "HDD",
            "base_block_storage_disk_type": "NET",
            "base_block_storage_size": null,
            "cpu_count": 2,
            "description": "",
            "fee_system_type_code": null,
            "id": "16678942",
            "init_script_no": "24195",
            "instance_no": "16678942",
            "internet_line_type": null,
            "is_encrypted_base_block_storage_volume": null,
            "is_fee_charging_monitoring": null,
            "is_protect_server_termination": false,
            "login_key_name": "cn-hro-test",
            "member_server_image_no": null,
            "memory_size": 4294967296,
            "name": "hello-hro-dev-fepap",
            "network_interface": [
              {
                "network_interface_no": "391166",
                "order": 0,
                "private_ip": "10.3.40.7",
                "subnet_no": "30947"
              }
            ],
            "placement_group_no": "",
            "platform_type": "LNX64",
            "port_forwarding_external_port": null,
            "port_forwarding_internal_port": null,
            "port_forwarding_public_ip": null,
            "private_ip": null,
            "public_ip": "",
            "raid_type_name": null,
            "region": null,
            "server_image_name": null,
            "server_image_product_code": "SW.VSVR.OS.LNX64.RHEL.0806.B050.H001",
            "server_product_code": "SVR.VSVR.STAND.C002.M004.NET.HDD.B050.G001",
            "subnet_no": "30947",
            "tag_list": [
              {
                "tag_key": "ansible_group",
                "tag_value": "solution"
              },
              {
                "tag_key": "tf",
                "tag_value": "2023-04-04-09:24:50"
              },
              {
                "tag_key": "tier",
                "tag_value": "solution"
              }
            ],
            "timeouts": null,
            "user_data": null,
            "vpc_no": "19944",
            "zone": "FKR-1"
          },
          "sensitive_attributes": [],
          "private": "eyJlMmJmYjczMC1lY2FhLTExZTYtOGY4OC0zNDM2M2JjN2M0YzAiOnsiY3JlYXRlIjozNjAwMDAwMDAwMDAwLCJkZWxldGUiOjMwMDAwMDAwMDAwMH19",
          "dependencies": [
            "module.compute.ncloud_init_script.init",
            "module.compute.ncloud_network_interface.nic",
            "module.network.ncloud_nat_gateway.main-nat-gateway",
            "module.network.ncloud_subnet.main-private-lb-subnets",
            "module.network.ncloud_subnet.main-private-subnets",
            "module.network.ncloud_subnet.main-public-subnets",
            "module.network.ncloud_vpc.main",
            "module.security.ncloud_access_control_group.instance-acg",
            "module.security.ncloud_access_control_group_rule.acg-rule"
          ]
        },
        {
          "index_key": "mciap",
          "schema_version": 0,
          "attributes": {
            "access_control_group_configuration_no_list": null,
            "base_block_storage_disk_detail_type": "HDD",
            "base_block_storage_disk_type": "NET",
            "base_block_storage_size": null,
            "cpu_count": 2,
            "description": "",
            "fee_system_type_code": null,
            "id": "16679050",
            "init_script_no": "24195",
            "instance_no": "16679050",
            "internet_line_type": null,
            "is_encrypted_base_block_storage_volume": null,
            "is_fee_charging_monitoring": null,
            "is_protect_server_termination": false,
            "login_key_name": "cn-hro-test",
            "member_server_image_no": null,
            "memory_size": 4294967296,
            "name": "hello-hro-dev-mciap",
            "network_interface": [
              {
                "network_interface_no": "391143",
                "order": 0,
                "private_ip": "10.3.20.6",
                "subnet_no": "30943"
              }
            ],
            "placement_group_no": "",
            "platform_type": "LNX64",
            "port_forwarding_external_port": null,
            "port_forwarding_internal_port": null,
            "port_forwarding_public_ip": null,
            "private_ip": null,
            "public_ip": "",
            "raid_type_name": null,
            "region": null,
            "server_image_name": null,
            "server_image_product_code": "SW.VSVR.OS.LNX64.RHEL.0806.B050.H001",
            "server_product_code": "SVR.VSVR.STAND.C002.M004.NET.HDD.B050.G001",
            "subnet_no": "30943",
            "tag_list": [
              {
                "tag_key": "ansible_group",
                "tag_value": "solution"
              },
              {
                "tag_key": "tf",
                "tag_value": "2023-04-04-09:30:52"
              },
              {
                "tag_key": "tier",
                "tag_value": "solution"
              }
            ],
            "timeouts": null,
            "user_data": null,
            "vpc_no": "19944",
            "zone": "FKR-1"
          },
          "sensitive_attributes": [],
          "private": "eyJlMmJmYjczMC1lY2FhLTExZTYtOGY4OC0zNDM2M2JjN2M0YzAiOnsiY3JlYXRlIjozNjAwMDAwMDAwMDAwLCJkZWxldGUiOjMwMDAwMDAwMDAwMH19",
          "dependencies": [
            "module.compute.ncloud_init_script.init",
            "module.compute.ncloud_network_interface.nic",
            "module.network.ncloud_nat_gateway.main-nat-gateway",
            "module.network.ncloud_subnet.main-private-lb-subnets",
            "module.network.ncloud_subnet.main-private-subnets",
            "module.network.ncloud_subnet.main-public-subnets",
            "module.network.ncloud_vpc.main",
            "module.security.ncloud_access_control_group.instance-acg",
            "module.security.ncloud_access_control_group_rule.acg-rule"
          ]
        },
        {
          "index_key": "metaap",
          "schema_version": 0,
          "attributes": {
            "access_control_group_configuration_no_list": null,
            "base_block_storage_disk_detail_type": "HDD",
            "base_block_storage_disk_type": "NET",
            "base_block_storage_size": null,
            "cpu_count": 2,
            "description": "",
            "fee_system_type_code": null,
            "id": "16678941",
            "init_script_no": "24195",
            "instance_no": "16678941",
            "internet_line_type": null,
            "is_encrypted_base_block_storage_volume": null,
            "is_fee_charging_monitoring": null,
            "is_protect_server_termination": false,
            "login_key_name": "cn-hro-test",
            "member_server_image_no": null,
            "memory_size": 4294967296,
            "name": "hello-hro-dev-metaap",
            "network_interface": [
              {
                "network_interface_no": "391164",
                "order": 0,
                "private_ip": "10.3.10.6",
                "subnet_no": "30944"
              }
            ],
            "placement_group_no": "",
            "platform_type": "LNX64",
            "port_forwarding_external_port": null,
            "port_forwarding_internal_port": null,
            "port_forwarding_public_ip": null,
            "private_ip": null,
            "public_ip": "",
            "raid_type_name": null,
            "region": null,
            "server_image_name": null,
            "server_image_product_code": "SW.VSVR.OS.LNX64.RHEL.0806.B050.H001",
            "server_product_code": "SVR.VSVR.STAND.C002.M004.NET.HDD.B050.G001",
            "subnet_no": "30944",
            "tag_list": [
              {
                "tag_key": "ansible_group",
                "tag_value": "solution"
              },
              {
                "tag_key": "tf",
                "tag_value": "2023-04-04-09:24:50"
              },
              {
                "tag_key": "tier",
                "tag_value": "solution"
              }
            ],
            "timeouts": null,
            "user_data": null,
            "vpc_no": "19944",
            "zone": "FKR-1"
          },
          "sensitive_attributes": [],
          "private": "eyJlMmJmYjczMC1lY2FhLTExZTYtOGY4OC0zNDM2M2JjN2M0YzAiOnsiY3JlYXRlIjozNjAwMDAwMDAwMDAwLCJkZWxldGUiOjMwMDAwMDAwMDAwMH19",
          "dependencies": [
            "module.compute.ncloud_init_script.init",
            "module.compute.ncloud_network_interface.nic",
            "module.network.ncloud_nat_gateway.main-nat-gateway",
            "module.network.ncloud_subnet.main-private-lb-subnets",
            "module.network.ncloud_subnet.main-private-subnets",
            "module.network.ncloud_subnet.main-public-subnets",
            "module.network.ncloud_vpc.main",
            "module.security.ncloud_access_control_group.instance-acg",
            "module.security.ncloud_access_control_group_rule.acg-rule"
          ]
        },
        {
          "index_key": "proxyap",
          "schema_version": 0,
          "attributes": {
            "access_control_group_configuration_no_list": null,
            "base_block_storage_disk_detail_type": "HDD",
            "base_block_storage_disk_type": "NET",
            "base_block_storage_size": null,
            "cpu_count": 2,
            "description": "",
            "fee_system_type_code": null,
            "id": "16678945",
            "init_script_no": "24195",
            "instance_no": "16678945",
            "internet_line_type": null,
            "is_encrypted_base_block_storage_volume": null,
            "is_fee_charging_monitoring": null,
            "is_protect_server_termination": false,
            "login_key_name": "cn-hro-test",
            "member_server_image_no": null,
            "memory_size": 4294967296,
            "name": "hello-hro-dev-proxyap",
            "network_interface": [
              {
                "network_interface_no": "391173",
                "order": 0,
                "private_ip": "10.3.10.9",
                "subnet_no": "30944"
              }
            ],
            "placement_group_no": "",
            "platform_type": "LNX64",
            "port_forwarding_external_port": null,
            "port_forwarding_internal_port": null,
            "port_forwarding_public_ip": null,
            "private_ip": null,
            "public_ip": "",
            "raid_type_name": null,
            "region": null,
            "server_image_name": null,
            "server_image_product_code": "SW.VSVR.OS.LNX64.RHEL.0806.B050.H001",
            "server_product_code": "SVR.VSVR.STAND.C002.M004.NET.HDD.B050.G001",
            "subnet_no": "30944",
            "tag_list": [
              {
                "tag_key": "ansible_group",
                "tag_value": "webserver"
              },
              {
                "tag_key": "tf",
                "tag_value": "2023-04-04-09:24:50"
              },
              {
                "tag_key": "tier",
                "tag_value": "frontend"
              }
            ],
            "timeouts": null,
            "user_data": null,
            "vpc_no": "19944",
            "zone": "FKR-1"
          },
          "sensitive_attributes": [],
          "private": "eyJlMmJmYjczMC1lY2FhLTExZTYtOGY4OC0zNDM2M2JjN2M0YzAiOnsiY3JlYXRlIjozNjAwMDAwMDAwMDAwLCJkZWxldGUiOjMwMDAwMDAwMDAwMH19",
          "dependencies": [
            "module.compute.ncloud_init_script.init",
            "module.compute.ncloud_network_interface.nic",
            "module.network.ncloud_nat_gateway.main-nat-gateway",
            "module.network.ncloud_subnet.main-private-lb-subnets",
            "module.network.ncloud_subnet.main-private-subnets",
            "module.network.ncloud_subnet.main-public-subnets",
            "module.network.ncloud_vpc.main",
            "module.security.ncloud_access_control_group.instance-acg",
            "module.security.ncloud_access_control_group_rule.acg-rule"
          ]
        },
        {
          "index_key": "reportap",
          "schema_version": 0,
          "attributes": {
            "access_control_group_configuration_no_list": null,
            "base_block_storage_disk_detail_type": "HDD",
            "base_block_storage_disk_type": "NET",
            "base_block_storage_size": null,
            "cpu_count": 2,
            "description": "",
            "fee_system_type_code": null,
            "id": "16678932",
            "init_script_no": "24195",
            "instance_no": "16678932",
            "internet_line_type": null,
            "is_encrypted_base_block_storage_volume": null,
            "is_fee_charging_monitoring": null,
            "is_protect_server_termination": false,
            "login_key_name": "cn-hro-test",
            "member_server_image_no": null,
            "memory_size": 4294967296,
            "name": "hello-hro-dev-reportap",
            "network_interface": [
              {
                "network_interface_no": "391169",
                "order": 0,
                "private_ip": "10.3.20.8",
                "subnet_no": "30943"
              }
            ],
            "placement_group_no": "",
            "platform_type": "LNX64",
            "port_forwarding_external_port": null,
            "port_forwarding_internal_port": null,
            "port_forwarding_public_ip": null,
            "private_ip": null,
            "public_ip": "",
            "raid_type_name": null,
            "region": null,
            "server_image_name": null,
            "server_image_product_code": "SW.VSVR.OS.LNX64.RHEL.0806.B050.H001",
            "server_product_code": "SVR.VSVR.STAND.C002.M004.NET.HDD.B050.G001",
            "subnet_no": "30943",
            "tag_list": [
              {
                "tag_key": "ansible_group",
                "tag_value": "solution"
              },
              {
                "tag_key": "tf",
                "tag_value": "2023-04-04-09:24:50"
              },
              {
                "tag_key": "tier",
                "tag_value": "solution"
              }
            ],
            "timeouts": null,
            "user_data": null,
            "vpc_no": "19944",
            "zone": "FKR-1"
          },
          "sensitive_attributes": [],
          "private": "eyJlMmJmYjczMC1lY2FhLTExZTYtOGY4OC0zNDM2M2JjN2M0YzAiOnsiY3JlYXRlIjozNjAwMDAwMDAwMDAwLCJkZWxldGUiOjMwMDAwMDAwMDAwMH19",
          "dependencies": [
            "module.compute.ncloud_init_script.init",
            "module.compute.ncloud_network_interface.nic",
            "module.network.ncloud_nat_gateway.main-nat-gateway",
            "module.network.ncloud_subnet.main-private-lb-subnets",
            "module.network.ncloud_subnet.main-private-subnets",
            "module.network.ncloud_subnet.main-public-subnets",
            "module.network.ncloud_vpc.main",
            "module.security.ncloud_access_control_group.instance-acg",
            "module.security.ncloud_access_control_group_rule.acg-rule"
          ]
        },
        {
          "index_key": "solweb",
          "schema_version": 0,
          "attributes": {
            "access_control_group_configuration_no_list": null,
            "base_block_storage_disk_detail_type": "HDD",
            "base_block_storage_disk_type": "NET",
            "base_block_storage_size": null,
            "cpu_count": 2,
            "description": "",
            "fee_system_type_code": null,
            "id": "16678943",
            "init_script_no": "24195",
            "instance_no": "16678943",
            "internet_line_type": null,
            "is_encrypted_base_block_storage_volume": null,
            "is_fee_charging_monitoring": null,
            "is_protect_server_termination": false,
            "login_key_name": "cn-hro-test",
            "member_server_image_no": null,
            "memory_size": 4294967296,
            "name": "hello-hro-dev-solweb",
            "network_interface": [
              {
                "network_interface_no": "391171",
                "order": 0,
                "private_ip": "10.3.10.8",
                "subnet_no": "30944"
              }
            ],
            "placement_group_no": "",
            "platform_type": "LNX64",
            "port_forwarding_external_port": null,
            "port_forwarding_internal_port": null,
            "port_forwarding_public_ip": null,
            "private_ip": null,
            "public_ip": "",
            "raid_type_name": null,
            "region": null,
            "server_image_name": null,
            "server_image_product_code": "SW.VSVR.OS.LNX64.RHEL.0806.B050.H001",
            "server_product_code": "SVR.VSVR.STAND.C002.M004.NET.HDD.B050.G001",
            "subnet_no": "30944",
            "tag_list": [
              {
                "tag_key": "ansible_group",
                "tag_value": "webserver"
              },
              {
                "tag_key": "tf",
                "tag_value": "2023-04-04-09:24:50"
              },
              {
                "tag_key": "tier",
                "tag_value": "frontend"
              }
            ],
            "timeouts": null,
            "user_data": null,
            "vpc_no": "19944",
            "zone": "FKR-1"
          },
          "sensitive_attributes": [],
          "private": "eyJlMmJmYjczMC1lY2FhLTExZTYtOGY4OC0zNDM2M2JjN2M0YzAiOnsiY3JlYXRlIjozNjAwMDAwMDAwMDAwLCJkZWxldGUiOjMwMDAwMDAwMDAwMH19",
          "dependencies": [
            "module.compute.ncloud_init_script.init",
            "module.compute.ncloud_network_interface.nic",
            "module.network.ncloud_nat_gateway.main-nat-gateway",
            "module.network.ncloud_subnet.main-private-lb-subnets",
            "module.network.ncloud_subnet.main-private-subnets",
            "module.network.ncloud_subnet.main-public-subnets",
            "module.network.ncloud_vpc.main",
            "module.security.ncloud_access_control_group.instance-acg",
            "module.security.ncloud_access_control_group_rule.acg-rule"
          ]
        },
        {
          "index_key": "ssoeamap",
          "schema_version": 0,
          "attributes": {
            "access_control_group_configuration_no_list": null,
            "base_block_storage_disk_detail_type": "HDD",
            "base_block_storage_disk_type": "NET",
            "base_block_storage_size": null,
            "cpu_count": 2,
            "description": "",
            "fee_system_type_code": null,
            "id": "16678923",
            "init_script_no": "24195",
            "instance_no": "16678923",
            "internet_line_type": null,
            "is_encrypted_base_block_storage_volume": null,
            "is_fee_charging_monitoring": null,
            "is_protect_server_termination": false,
            "login_key_name": "cn-hro-test",
            "member_server_image_no": null,
            "memory_size": 4294967296,
            "name": "hello-hro-dev-ssoeamap",
            "network_interface": [
              {
                "network_interface_no": "391172",
                "order": 0,
                "private_ip": "10.3.20.10",
                "subnet_no": "30943"
              }
            ],
            "placement_group_no": "",
            "platform_type": "LNX64",
            "port_forwarding_external_port": null,
            "port_forwarding_internal_port": null,
            "port_forwarding_public_ip": null,
            "private_ip": null,
            "public_ip": "",
            "raid_type_name": null,
            "region": null,
            "server_image_name": null,
            "server_image_product_code": "SW.VSVR.OS.LNX64.RHEL.0806.B050.H001",
            "server_product_code": "SVR.VSVR.STAND.C002.M004.NET.HDD.B050.G001",
            "subnet_no": "30943",
            "tag_list": [
              {
                "tag_key": "ansible_group",
                "tag_value": "solution"
              },
              {
                "tag_key": "tf",
                "tag_value": "2023-04-04-09:24:50"
              },
              {
                "tag_key": "tier",
                "tag_value": "solution"
              }
            ],
            "timeouts": null,
            "user_data": null,
            "vpc_no": "19944",
            "zone": "FKR-1"
          },
          "sensitive_attributes": [],
          "private": "eyJlMmJmYjczMC1lY2FhLTExZTYtOGY4OC0zNDM2M2JjN2M0YzAiOnsiY3JlYXRlIjozNjAwMDAwMDAwMDAwLCJkZWxldGUiOjMwMDAwMDAwMDAwMH19",
          "dependencies": [
            "module.compute.ncloud_init_script.init",
            "module.compute.ncloud_network_interface.nic",
            "module.network.ncloud_nat_gateway.main-nat-gateway",
            "module.network.ncloud_subnet.main-private-lb-subnets",
            "module.network.ncloud_subnet.main-private-subnets",
            "module.network.ncloud_subnet.main-public-subnets",
            "module.network.ncloud_vpc.main",
            "module.security.ncloud_access_control_group.instance-acg",
            "module.security.ncloud_access_control_group_rule.acg-rule"
          ]
        },
        {
          "index_key": "webfaxap",
          "schema_version": 0,
          "attributes": {
            "access_control_group_configuration_no_list": null,
            "base_block_storage_disk_detail_type": "HDD",
            "base_block_storage_disk_type": "NET",
            "base_block_storage_size": null,
            "cpu_count": 2,
            "description": "",
            "fee_system_type_code": null,
            "id": "16678929",
            "init_script_no": "24195",
            "instance_no": "16678929",
            "internet_line_type": null,
            "is_encrypted_base_block_storage_volume": null,
            "is_fee_charging_monitoring": null,
            "is_protect_server_termination": false,
            "login_key_name": "cn-hro-test",
            "member_server_image_no": null,
            "memory_size": 4294967296,
            "name": "hello-hro-dev-webfaxap",
            "network_interface": [
              {
                "network_interface_no": "391168",
                "order": 0,
                "private_ip": "10.3.40.8",
                "subnet_no": "30947"
              }
            ],
            "placement_group_no": "",
            "platform_type": "LNX64",
            "port_forwarding_external_port": null,
            "port_forwarding_internal_port": null,
            "port_forwarding_public_ip": null,
            "private_ip": null,
            "public_ip": "",
            "raid_type_name": null,
            "region": null,
            "server_image_name": null,
            "server_image_product_code": "SW.VSVR.OS.LNX64.RHEL.0806.B050.H001",
            "server_product_code": "SVR.VSVR.STAND.C002.M004.NET.HDD.B050.G001",
            "subnet_no": "30947",
            "tag_list": [
              {
                "tag_key": "ansible_group",
                "tag_value": "solution"
              },
              {
                "tag_key": "tf",
                "tag_value": "2023-04-04-09:24:50"
              },
              {
                "tag_key": "tier",
                "tag_value": "solution"
              }
            ],
            "timeouts": null,
            "user_data": null,
            "vpc_no": "19944",
            "zone": "FKR-1"
          },
          "sensitive_attributes": [],
          "private": "eyJlMmJmYjczMC1lY2FhLTExZTYtOGY4OC0zNDM2M2JjN2M0YzAiOnsiY3JlYXRlIjozNjAwMDAwMDAwMDAwLCJkZWxldGUiOjMwMDAwMDAwMDAwMH19",
          "dependencies": [
            "module.compute.ncloud_init_script.init",
            "module.compute.ncloud_network_interface.nic",
            "module.network.ncloud_nat_gateway.main-nat-gateway",
            "module.network.ncloud_subnet.main-private-lb-subnets",
            "module.network.ncloud_subnet.main-private-subnets",
            "module.network.ncloud_subnet.main-public-subnets",
            "module.network.ncloud_vpc.main",
            "module.security.ncloud_access_control_group.instance-acg",
            "module.security.ncloud_access_control_group_rule.acg-rule"
          ]
        }
      ]
    },
    {
      "module": "module.network",
      "mode": "managed",
      "type": "ncloud_nat_gateway",
      "name": "main-nat-gateway",
      "provider": "provider[\"registry.terraform.io/navercloudplatform/ncloud\"]",
      "instances": [
        {
          "schema_version": 0,
          "attributes": {
            "description": "",
            "id": "16677101",
            "name": "nat-hello-hro-dev",
            "nat_gateway_no": "16677101",
            "public_ip": "1.254.228.159",
            "vpc_no": "19944",
            "zone": "FKR-1"
          },
          "sensitive_attributes": [],
          "private": "bnVsbA==",
          "dependencies": [
            "module.network.ncloud_vpc.main"
          ]
        }
      ]
    },
    {
      "module": "module.network",
      "mode": "managed",
      "type": "ncloud_subnet",
      "name": "main-private-lb-subnets",
      "provider": "provider[\"registry.terraform.io/navercloudplatform/ncloud\"]",
      "instances": [
        {
          "index_key": "pri",
          "schema_version": 0,
          "attributes": {
            "id": "30949",
            "name": "sn-hello-hro-dev-lb-pri",
            "network_acl_no": "25122",
            "subnet": "10.3.210.0/24",
            "subnet_no": "30949",
            "subnet_type": "PRIVATE",
            "usage_type": "LOADB",
            "vpc_no": "19944",
            "zone": "FKR-1"
          },
          "sensitive_attributes": [],
          "private": "bnVsbA==",
          "dependencies": [
            "module.network.ncloud_vpc.main"
          ]
        },
        {
          "index_key": "pub",
          "schema_version": 0,
          "attributes": {
            "id": "30948",
            "name": "sn-hello-hro-dev-lb-pub",
            "network_acl_no": "25122",
            "subnet": "10.3.200.0/24",
            "subnet_no": "30948",
            "subnet_type": "PRIVATE",
            "usage_type": "LOADB",
            "vpc_no": "19944",
            "zone": "FKR-1"
          },
          "sensitive_attributes": [],
          "private": "bnVsbA==",
          "dependencies": [
            "module.network.ncloud_vpc.main"
          ]
        }
      ]
    },
    {
      "module": "module.network",
      "mode": "managed",
      "type": "ncloud_subnet",
      "name": "main-private-subnets",
      "provider": "provider[\"registry.terraform.io/navercloudplatform/ncloud\"]",
      "instances": [
        {
          "index_key": "ap",
          "schema_version": 0,
          "attributes": {
            "id": "30943",
            "name": "sn-hello-hro-dev-ap-pri",
            "network_acl_no": "25122",
            "subnet": "10.3.20.0/24",
            "subnet_no": "30943",
            "subnet_type": "PRIVATE",
            "usage_type": "GEN",
            "vpc_no": "19944",
            "zone": "FKR-1"
          },
          "sensitive_attributes": [],
          "private": "bnVsbA==",
          "dependencies": [
            "module.network.ncloud_vpc.main"
          ]
        },
        {
          "index_key": "db",
          "schema_version": 0,
          "attributes": {
            "id": "30946",
            "name": "sn-hello-hro-dev-db-pri",
            "network_acl_no": "25122",
            "subnet": "10.3.30.0/24",
            "subnet_no": "30946",
            "subnet_type": "PRIVATE",
            "usage_type": "GEN",
            "vpc_no": "19944",
            "zone": "FKR-1"
          },
          "sensitive_attributes": [],
          "private": "bnVsbA==",
          "dependencies": [
            "module.network.ncloud_vpc.main"
          ]
        },
        {
          "index_key": "fep",
          "schema_version": 0,
          "attributes": {
            "id": "30947",
            "name": "sn-hello-hro-dev-fep-pri",
            "network_acl_no": "25122",
            "subnet": "10.3.40.0/24",
            "subnet_no": "30947",
            "subnet_type": "PRIVATE",
            "usage_type": "GEN",
            "vpc_no": "19944",
            "zone": "FKR-1"
          },
          "sensitive_attributes": [],
          "private": "bnVsbA==",
          "dependencies": [
            "module.network.ncloud_vpc.main"
          ]
        },
        {
          "index_key": "mgt",
          "schema_version": 0,
          "attributes": {
            "id": "30950",
            "name": "sn-hello-hro-dev-mgt-pri",
            "network_acl_no": "25122",
            "subnet": "10.3.51.0/24",
            "subnet_no": "30950",
            "subnet_type": "PRIVATE",
            "usage_type": "GEN",
            "vpc_no": "19944",
            "zone": "FKR-1"
          },
          "sensitive_attributes": [],
          "private": "bnVsbA==",
          "dependencies": [
            "module.network.ncloud_vpc.main"
          ]
        }
      ]
    },
    {
      "module": "module.network",
      "mode": "managed",
      "type": "ncloud_subnet",
      "name": "main-public-subnets",
      "provider": "provider[\"registry.terraform.io/navercloudplatform/ncloud\"]",
      "instances": [
        {
          "index_key": "mgt",
          "schema_version": 0,
          "attributes": {
            "id": "30945",
            "name": "sn-hello-hro-dev-mgt-pub",
            "network_acl_no": "25122",
            "subnet": "10.3.50.0/24",
            "subnet_no": "30945",
            "subnet_type": "PUBLIC",
            "usage_type": "GEN",
            "vpc_no": "19944",
            "zone": "FKR-1"
          },
          "sensitive_attributes": [],
          "private": "bnVsbA==",
          "dependencies": [
            "module.network.ncloud_vpc.main"
          ]
        },
        {
          "index_key": "web",
          "schema_version": 0,
          "attributes": {
            "id": "30944",
            "name": "sn-hello-hro-dev-web-pub",
            "network_acl_no": "25122",
            "subnet": "10.3.10.0/24",
            "subnet_no": "30944",
            "subnet_type": "PUBLIC",
            "usage_type": "GEN",
            "vpc_no": "19944",
            "zone": "FKR-1"
          },
          "sensitive_attributes": [],
          "private": "bnVsbA==",
          "dependencies": [
            "module.network.ncloud_vpc.main"
          ]
        }
      ]
    },
    {
      "module": "module.network",
      "mode": "managed",
      "type": "ncloud_vpc",
      "name": "main",
      "provider": "provider[\"registry.terraform.io/navercloudplatform/ncloud\"]",
      "instances": [
        {
          "schema_version": 0,
          "attributes": {
            "default_access_control_group_no": "36764",
            "default_network_acl_no": "25122",
            "default_private_route_table_no": "32308",
            "default_public_route_table_no": "32307",
            "id": "19944",
            "ipv4_cidr_block": "10.3.0.0/16",
            "name": "vpc-hello-hro-dev",
            "vpc_no": "19944"
          },
          "sensitive_attributes": [],
          "private": "bnVsbA=="
        }
      ]
    },
    {
      "module": "module.security",
      "mode": "managed",
      "type": "ncloud_access_control_group",
      "name": "instance-acg",
      "provider": "provider[\"registry.terraform.io/navercloudplatform/ncloud\"]",
      "instances": [
        {
          "index_key": "chnlweb",
          "schema_version": 0,
          "attributes": {
            "access_control_group_no": "36772",
            "description": "chnlweb-apply",
            "id": "36772",
            "is_default": false,
            "name": "acg-hello-hro-dev-chnlweb",
            "vpc_no": "19944"
          },
          "sensitive_attributes": [],
          "private": "bnVsbA==",
          "dependencies": [
            "module.network.ncloud_nat_gateway.main-nat-gateway",
            "module.network.ncloud_subnet.main-private-lb-subnets",
            "module.network.ncloud_subnet.main-private-subnets",
            "module.network.ncloud_subnet.main-public-subnets",
            "module.network.ncloud_vpc.main"
          ]
        },
        {
          "index_key": "coreweb",
          "schema_version": 0,
          "attributes": {
            "access_control_group_no": "36768",
            "description": "coreweb-apply",
            "id": "36768",
            "is_default": false,
            "name": "acg-hello-hro-dev-coreweb",
            "vpc_no": "19944"
          },
          "sensitive_attributes": [],
          "private": "bnVsbA==",
          "dependencies": [
            "module.network.ncloud_nat_gateway.main-nat-gateway",
            "module.network.ncloud_subnet.main-private-lb-subnets",
            "module.network.ncloud_subnet.main-private-subnets",
            "module.network.ncloud_subnet.main-public-subnets",
            "module.network.ncloud_vpc.main"
          ]
        },
        {
          "index_key": "edmsap",
          "schema_version": 0,
          "attributes": {
            "access_control_group_no": "36771",
            "description": "edmsap-apply",
            "id": "36771",
            "is_default": false,
            "name": "acg-hello-hro-dev-edmsap",
            "vpc_no": "19944"
          },
          "sensitive_attributes": [],
          "private": "bnVsbA==",
          "dependencies": [
            "module.network.ncloud_nat_gateway.main-nat-gateway",
            "module.network.ncloud_subnet.main-private-lb-subnets",
            "module.network.ncloud_subnet.main-private-subnets",
            "module.network.ncloud_subnet.main-public-subnets",
            "module.network.ncloud_vpc.main"
          ]
        },
        {
          "index_key": "extfileap",
          "schema_version": 0,
          "attributes": {
            "access_control_group_no": "36775",
            "description": "extfileap-apply",
            "id": "36775",
            "is_default": false,
            "name": "acg-hello-hro-dev-extfileap",
            "vpc_no": "19944"
          },
          "sensitive_attributes": [],
          "private": "bnVsbA==",
          "dependencies": [
            "module.network.ncloud_nat_gateway.main-nat-gateway",
            "module.network.ncloud_subnet.main-private-lb-subnets",
            "module.network.ncloud_subnet.main-private-subnets",
            "module.network.ncloud_subnet.main-public-subnets",
            "module.network.ncloud_vpc.main"
          ]
        },
        {
          "index_key": "fepap",
          "schema_version": 0,
          "attributes": {
            "access_control_group_no": "36774",
            "description": "fepap-apply",
            "id": "36774",
            "is_default": false,
            "name": "acg-hello-hro-dev-fepap",
            "vpc_no": "19944"
          },
          "sensitive_attributes": [],
          "private": "bnVsbA==",
          "dependencies": [
            "module.network.ncloud_nat_gateway.main-nat-gateway",
            "module.network.ncloud_subnet.main-private-lb-subnets",
            "module.network.ncloud_subnet.main-private-subnets",
            "module.network.ncloud_subnet.main-public-subnets",
            "module.network.ncloud_vpc.main"
          ]
        },
        {
          "index_key": "mciap",
          "schema_version": 0,
          "attributes": {
            "access_control_group_no": "36765",
            "description": "mciap-apply",
            "id": "36765",
            "is_default": false,
            "name": "acg-hello-hro-dev-mciap",
            "vpc_no": "19944"
          },
          "sensitive_attributes": [],
          "private": "bnVsbA==",
          "dependencies": [
            "module.network.ncloud_nat_gateway.main-nat-gateway",
            "module.network.ncloud_subnet.main-private-lb-subnets",
            "module.network.ncloud_subnet.main-private-subnets",
            "module.network.ncloud_subnet.main-public-subnets",
            "module.network.ncloud_vpc.main"
          ]
        },
        {
          "index_key": "metaap",
          "schema_version": 0,
          "attributes": {
            "access_control_group_no": "36773",
            "description": "metaap-apply",
            "id": "36773",
            "is_default": false,
            "name": "acg-hello-hro-dev-metaap",
            "vpc_no": "19944"
          },
          "sensitive_attributes": [],
          "private": "bnVsbA==",
          "dependencies": [
            "module.network.ncloud_nat_gateway.main-nat-gateway",
            "module.network.ncloud_subnet.main-private-lb-subnets",
            "module.network.ncloud_subnet.main-private-subnets",
            "module.network.ncloud_subnet.main-public-subnets",
            "module.network.ncloud_vpc.main"
          ]
        },
        {
          "index_key": "proxyap",
          "schema_version": 0,
          "attributes": {
            "access_control_group_no": "36770",
            "description": "proxyap-apply",
            "id": "36770",
            "is_default": false,
            "name": "acg-hello-hro-dev-proxyap",
            "vpc_no": "19944"
          },
          "sensitive_attributes": [],
          "private": "bnVsbA==",
          "dependencies": [
            "module.network.ncloud_nat_gateway.main-nat-gateway",
            "module.network.ncloud_subnet.main-private-lb-subnets",
            "module.network.ncloud_subnet.main-private-subnets",
            "module.network.ncloud_subnet.main-public-subnets",
            "module.network.ncloud_vpc.main"
          ]
        },
        {
          "index_key": "reportap",
          "schema_version": 0,
          "attributes": {
            "access_control_group_no": "36769",
            "description": "reportap-apply",
            "id": "36769",
            "is_default": false,
            "name": "acg-hello-hro-dev-reportap",
            "vpc_no": "19944"
          },
          "sensitive_attributes": [],
          "private": "bnVsbA==",
          "dependencies": [
            "module.network.ncloud_nat_gateway.main-nat-gateway",
            "module.network.ncloud_subnet.main-private-lb-subnets",
            "module.network.ncloud_subnet.main-private-subnets",
            "module.network.ncloud_subnet.main-public-subnets",
            "module.network.ncloud_vpc.main"
          ]
        },
        {
          "index_key": "solweb",
          "schema_version": 0,
          "attributes": {
            "access_control_group_no": "36766",
            "description": "solweb-apply",
            "id": "36766",
            "is_default": false,
            "name": "acg-hello-hro-dev-solweb",
            "vpc_no": "19944"
          },
          "sensitive_attributes": [],
          "private": "bnVsbA==",
          "dependencies": [
            "module.network.ncloud_nat_gateway.main-nat-gateway",
            "module.network.ncloud_subnet.main-private-lb-subnets",
            "module.network.ncloud_subnet.main-private-subnets",
            "module.network.ncloud_subnet.main-public-subnets",
            "module.network.ncloud_vpc.main"
          ]
        },
        {
          "index_key": "ssoeamap",
          "schema_version": 0,
          "attributes": {
            "access_control_group_no": "36776",
            "description": "ssoeamap-apply",
            "id": "36776",
            "is_default": false,
            "name": "acg-hello-hro-dev-ssoeamap",
            "vpc_no": "19944"
          },
          "sensitive_attributes": [],
          "private": "bnVsbA==",
          "dependencies": [
            "module.network.ncloud_nat_gateway.main-nat-gateway",
            "module.network.ncloud_subnet.main-private-lb-subnets",
            "module.network.ncloud_subnet.main-private-subnets",
            "module.network.ncloud_subnet.main-public-subnets",
            "module.network.ncloud_vpc.main"
          ]
        },
        {
          "index_key": "webfaxap",
          "schema_version": 0,
          "attributes": {
            "access_control_group_no": "36767",
            "description": "webfaxap-apply",
            "id": "36767",
            "is_default": false,
            "name": "acg-hello-hro-dev-webfaxap",
            "vpc_no": "19944"
          },
          "sensitive_attributes": [],
          "private": "bnVsbA==",
          "dependencies": [
            "module.network.ncloud_nat_gateway.main-nat-gateway",
            "module.network.ncloud_subnet.main-private-lb-subnets",
            "module.network.ncloud_subnet.main-private-subnets",
            "module.network.ncloud_subnet.main-public-subnets",
            "module.network.ncloud_vpc.main"
          ]
        }
      ]
    },
    {
      "module": "module.security",
      "mode": "managed",
      "type": "ncloud_access_control_group_rule",
      "name": "acg-rule",
      "provider": "provider[\"registry.terraform.io/navercloudplatform/ncloud\"]",
      "instances": [
        {
          "index_key": "chnlweb",
          "schema_version": 0,
          "attributes": {
            "access_control_group_no": "36772",
            "id": "36772",
            "inbound": [
              {
                "description": "SSH@BASTION",
                "ip_block": "221.168.39.193/32",
                "port_range": "22",
                "protocol": "TCP",
                "source_access_control_group_no": ""
              }
            ],
            "outbound": [],
            "timeouts": null
          },
          "sensitive_attributes": [],
          "private": "eyJlMmJmYjczMC1lY2FhLTExZTYtOGY4OC0zNDM2M2JjN2M0YzAiOnsiY3JlYXRlIjozNjAwMDAwMDAwMDAwLCJkZWxldGUiOjMwMDAwMDAwMDAwMCwidXBkYXRlIjo2MDAwMDAwMDAwMDB9fQ==",
          "dependencies": [
            "module.network.ncloud_nat_gateway.main-nat-gateway",
            "module.network.ncloud_subnet.main-private-lb-subnets",
            "module.network.ncloud_subnet.main-private-subnets",
            "module.network.ncloud_subnet.main-public-subnets",
            "module.network.ncloud_vpc.main",
            "module.security.ncloud_access_control_group.instance-acg"
          ]
        },
        {
          "index_key": "coreweb",
          "schema_version": 0,
          "attributes": {
            "access_control_group_no": "36768",
            "id": "36768",
            "inbound": [
              {
                "description": "SSH@BASTION",
                "ip_block": "221.168.39.193/32",
                "port_range": "22",
                "protocol": "TCP",
                "source_access_control_group_no": ""
              }
            ],
            "outbound": [],
            "timeouts": null
          },
          "sensitive_attributes": [],
          "private": "eyJlMmJmYjczMC1lY2FhLTExZTYtOGY4OC0zNDM2M2JjN2M0YzAiOnsiY3JlYXRlIjozNjAwMDAwMDAwMDAwLCJkZWxldGUiOjMwMDAwMDAwMDAwMCwidXBkYXRlIjo2MDAwMDAwMDAwMDB9fQ==",
          "dependencies": [
            "module.network.ncloud_nat_gateway.main-nat-gateway",
            "module.network.ncloud_subnet.main-private-lb-subnets",
            "module.network.ncloud_subnet.main-private-subnets",
            "module.network.ncloud_subnet.main-public-subnets",
            "module.network.ncloud_vpc.main",
            "module.security.ncloud_access_control_group.instance-acg"
          ]
        },
        {
          "index_key": "edmsap",
          "schema_version": 0,
          "attributes": {
            "access_control_group_no": "36771",
            "id": "36771",
            "inbound": [
              {
                "description": "SSH@BASTION",
                "ip_block": "221.168.39.193/32",
                "port_range": "22",
                "protocol": "TCP",
                "source_access_control_group_no": ""
              }
            ],
            "outbound": [],
            "timeouts": null
          },
          "sensitive_attributes": [],
          "private": "eyJlMmJmYjczMC1lY2FhLTExZTYtOGY4OC0zNDM2M2JjN2M0YzAiOnsiY3JlYXRlIjozNjAwMDAwMDAwMDAwLCJkZWxldGUiOjMwMDAwMDAwMDAwMCwidXBkYXRlIjo2MDAwMDAwMDAwMDB9fQ==",
          "dependencies": [
            "module.network.ncloud_nat_gateway.main-nat-gateway",
            "module.network.ncloud_subnet.main-private-lb-subnets",
            "module.network.ncloud_subnet.main-private-subnets",
            "module.network.ncloud_subnet.main-public-subnets",
            "module.network.ncloud_vpc.main",
            "module.security.ncloud_access_control_group.instance-acg"
          ]
        },
        {
          "index_key": "extfileap",
          "schema_version": 0,
          "attributes": {
            "access_control_group_no": "36775",
            "id": "36775",
            "inbound": [
              {
                "description": "SSH@BASTION",
                "ip_block": "221.168.39.193/32",
                "port_range": "22",
                "protocol": "TCP",
                "source_access_control_group_no": ""
              }
            ],
            "outbound": [],
            "timeouts": null
          },
          "sensitive_attributes": [],
          "private": "eyJlMmJmYjczMC1lY2FhLTExZTYtOGY4OC0zNDM2M2JjN2M0YzAiOnsiY3JlYXRlIjozNjAwMDAwMDAwMDAwLCJkZWxldGUiOjMwMDAwMDAwMDAwMCwidXBkYXRlIjo2MDAwMDAwMDAwMDB9fQ==",
          "dependencies": [
            "module.network.ncloud_nat_gateway.main-nat-gateway",
            "module.network.ncloud_subnet.main-private-lb-subnets",
            "module.network.ncloud_subnet.main-private-subnets",
            "module.network.ncloud_subnet.main-public-subnets",
            "module.network.ncloud_vpc.main",
            "module.security.ncloud_access_control_group.instance-acg"
          ]
        },
        {
          "index_key": "fepap",
          "schema_version": 0,
          "attributes": {
            "access_control_group_no": "36774",
            "id": "36774",
            "inbound": [
              {
                "description": "SSH@BASTION",
                "ip_block": "221.168.39.193/32",
                "port_range": "22",
                "protocol": "TCP",
                "source_access_control_group_no": ""
              }
            ],
            "outbound": [],
            "timeouts": null
          },
          "sensitive_attributes": [],
          "private": "eyJlMmJmYjczMC1lY2FhLTExZTYtOGY4OC0zNDM2M2JjN2M0YzAiOnsiY3JlYXRlIjozNjAwMDAwMDAwMDAwLCJkZWxldGUiOjMwMDAwMDAwMDAwMCwidXBkYXRlIjo2MDAwMDAwMDAwMDB9fQ==",
          "dependencies": [
            "module.network.ncloud_nat_gateway.main-nat-gateway",
            "module.network.ncloud_subnet.main-private-lb-subnets",
            "module.network.ncloud_subnet.main-private-subnets",
            "module.network.ncloud_subnet.main-public-subnets",
            "module.network.ncloud_vpc.main",
            "module.security.ncloud_access_control_group.instance-acg"
          ]
        },
        {
          "index_key": "mciap",
          "schema_version": 0,
          "attributes": {
            "access_control_group_no": "36765",
            "id": "36765",
            "inbound": [
              {
                "description": "SSH@BASTION",
                "ip_block": "221.168.39.193/32",
                "port_range": "22",
                "protocol": "TCP",
                "source_access_control_group_no": ""
              }
            ],
            "outbound": [],
            "timeouts": null
          },
          "sensitive_attributes": [],
          "private": "eyJlMmJmYjczMC1lY2FhLTExZTYtOGY4OC0zNDM2M2JjN2M0YzAiOnsiY3JlYXRlIjozNjAwMDAwMDAwMDAwLCJkZWxldGUiOjMwMDAwMDAwMDAwMCwidXBkYXRlIjo2MDAwMDAwMDAwMDB9fQ==",
          "dependencies": [
            "module.network.ncloud_nat_gateway.main-nat-gateway",
            "module.network.ncloud_subnet.main-private-lb-subnets",
            "module.network.ncloud_subnet.main-private-subnets",
            "module.network.ncloud_subnet.main-public-subnets",
            "module.network.ncloud_vpc.main",
            "module.security.ncloud_access_control_group.instance-acg"
          ]
        },
        {
          "index_key": "metaap",
          "schema_version": 0,
          "attributes": {
            "access_control_group_no": "36773",
            "id": "36773",
            "inbound": [
              {
                "description": "@PROJECT_SITE",
                "ip_block": "211.204.87.46/32",
                "port_range": "7305",
                "protocol": "TCP",
                "source_access_control_group_no": ""
              },
              {
                "description": "SSH@BASTION",
                "ip_block": "221.168.39.193/32",
                "port_range": "22",
                "protocol": "TCP",
                "source_access_control_group_no": ""
              },
              {
                "description": "SSH@PROJECT_SITE",
                "ip_block": "221.204.87.46/32",
                "port_range": "22",
                "protocol": "TCP",
                "source_access_control_group_no": ""
              },
              {
                "description": "TOMCAT@PROJECT_SITE",
                "ip_block": "211.204.87.46/32",
                "port_range": "8080",
                "protocol": "TCP",
                "source_access_control_group_no": ""
              }
            ],
            "outbound": [
              {
                "description": "ob-memo",
                "ip_block": "0.0.0.0/0",
                "port_range": "",
                "protocol": "ICMP",
                "source_access_control_group_no": ""
              },
              {
                "description": "ob-memo",
                "ip_block": "0.0.0.0/0",
                "port_range": "1-65535",
                "protocol": "TCP",
                "source_access_control_group_no": ""
              },
              {
                "description": "ob-memo",
                "ip_block": "0.0.0.0/0",
                "port_range": "1-65535",
                "protocol": "UDP",
                "source_access_control_group_no": ""
              }
            ],
            "timeouts": null
          },
          "sensitive_attributes": [],
          "private": "eyJlMmJmYjczMC1lY2FhLTExZTYtOGY4OC0zNDM2M2JjN2M0YzAiOnsiY3JlYXRlIjozNjAwMDAwMDAwMDAwLCJkZWxldGUiOjMwMDAwMDAwMDAwMCwidXBkYXRlIjo2MDAwMDAwMDAwMDB9fQ==",
          "dependencies": [
            "module.network.ncloud_nat_gateway.main-nat-gateway",
            "module.network.ncloud_subnet.main-private-lb-subnets",
            "module.network.ncloud_subnet.main-private-subnets",
            "module.network.ncloud_subnet.main-public-subnets",
            "module.network.ncloud_vpc.main",
            "module.security.ncloud_access_control_group.instance-acg"
          ]
        },
        {
          "index_key": "proxyap",
          "schema_version": 0,
          "attributes": {
            "access_control_group_no": "36770",
            "id": "36770",
            "inbound": [
              {
                "description": "SSH@BASTION",
                "ip_block": "221.168.39.193/32",
                "port_range": "22",
                "protocol": "TCP",
                "source_access_control_group_no": ""
              }
            ],
            "outbound": [],
            "timeouts": null
          },
          "sensitive_attributes": [],
          "private": "eyJlMmJmYjczMC1lY2FhLTExZTYtOGY4OC0zNDM2M2JjN2M0YzAiOnsiY3JlYXRlIjozNjAwMDAwMDAwMDAwLCJkZWxldGUiOjMwMDAwMDAwMDAwMCwidXBkYXRlIjo2MDAwMDAwMDAwMDB9fQ==",
          "dependencies": [
            "module.network.ncloud_nat_gateway.main-nat-gateway",
            "module.network.ncloud_subnet.main-private-lb-subnets",
            "module.network.ncloud_subnet.main-private-subnets",
            "module.network.ncloud_subnet.main-public-subnets",
            "module.network.ncloud_vpc.main",
            "module.security.ncloud_access_control_group.instance-acg"
          ]
        },
        {
          "index_key": "reportap",
          "schema_version": 0,
          "attributes": {
            "access_control_group_no": "36769",
            "id": "36769",
            "inbound": [
              {
                "description": "SSH@BASTION",
                "ip_block": "221.168.39.193/32",
                "port_range": "22",
                "protocol": "TCP",
                "source_access_control_group_no": ""
              }
            ],
            "outbound": [],
            "timeouts": null
          },
          "sensitive_attributes": [],
          "private": "eyJlMmJmYjczMC1lY2FhLTExZTYtOGY4OC0zNDM2M2JjN2M0YzAiOnsiY3JlYXRlIjozNjAwMDAwMDAwMDAwLCJkZWxldGUiOjMwMDAwMDAwMDAwMCwidXBkYXRlIjo2MDAwMDAwMDAwMDB9fQ==",
          "dependencies": [
            "module.network.ncloud_nat_gateway.main-nat-gateway",
            "module.network.ncloud_subnet.main-private-lb-subnets",
            "module.network.ncloud_subnet.main-private-subnets",
            "module.network.ncloud_subnet.main-public-subnets",
            "module.network.ncloud_vpc.main",
            "module.security.ncloud_access_control_group.instance-acg"
          ]
        },
        {
          "index_key": "solweb",
          "schema_version": 0,
          "attributes": {
            "access_control_group_no": "36766",
            "id": "36766",
            "inbound": [
              {
                "description": "SSH@BASTION",
                "ip_block": "221.168.39.193/32",
                "port_range": "22",
                "protocol": "TCP",
                "source_access_control_group_no": ""
              }
            ],
            "outbound": [],
            "timeouts": null
          },
          "sensitive_attributes": [],
          "private": "eyJlMmJmYjczMC1lY2FhLTExZTYtOGY4OC0zNDM2M2JjN2M0YzAiOnsiY3JlYXRlIjozNjAwMDAwMDAwMDAwLCJkZWxldGUiOjMwMDAwMDAwMDAwMCwidXBkYXRlIjo2MDAwMDAwMDAwMDB9fQ==",
          "dependencies": [
            "module.network.ncloud_nat_gateway.main-nat-gateway",
            "module.network.ncloud_subnet.main-private-lb-subnets",
            "module.network.ncloud_subnet.main-private-subnets",
            "module.network.ncloud_subnet.main-public-subnets",
            "module.network.ncloud_vpc.main",
            "module.security.ncloud_access_control_group.instance-acg"
          ]
        },
        {
          "index_key": "ssoeamap",
          "schema_version": 0,
          "attributes": {
            "access_control_group_no": "36776",
            "id": "36776",
            "inbound": [
              {
                "description": "SSH@BASTION",
                "ip_block": "221.168.39.193/32",
                "port_range": "22",
                "protocol": "TCP",
                "source_access_control_group_no": ""
              }
            ],
            "outbound": [],
            "timeouts": null
          },
          "sensitive_attributes": [],
          "private": "eyJlMmJmYjczMC1lY2FhLTExZTYtOGY4OC0zNDM2M2JjN2M0YzAiOnsiY3JlYXRlIjozNjAwMDAwMDAwMDAwLCJkZWxldGUiOjMwMDAwMDAwMDAwMCwidXBkYXRlIjo2MDAwMDAwMDAwMDB9fQ==",
          "dependencies": [
            "module.network.ncloud_nat_gateway.main-nat-gateway",
            "module.network.ncloud_subnet.main-private-lb-subnets",
            "module.network.ncloud_subnet.main-private-subnets",
            "module.network.ncloud_subnet.main-public-subnets",
            "module.network.ncloud_vpc.main",
            "module.security.ncloud_access_control_group.instance-acg"
          ]
        },
        {
          "index_key": "webfaxap",
          "schema_version": 0,
          "attributes": {
            "access_control_group_no": "36767",
            "id": "36767",
            "inbound": [
              {
                "description": "SSH@BASTION",
                "ip_block": "221.168.39.193/32",
                "port_range": "22",
                "protocol": "TCP",
                "source_access_control_group_no": ""
              }
            ],
            "outbound": [],
            "timeouts": null
          },
          "sensitive_attributes": [],
          "private": "eyJlMmJmYjczMC1lY2FhLTExZTYtOGY4OC0zNDM2M2JjN2M0YzAiOnsiY3JlYXRlIjozNjAwMDAwMDAwMDAwLCJkZWxldGUiOjMwMDAwMDAwMDAwMCwidXBkYXRlIjo2MDAwMDAwMDAwMDB9fQ==",
          "dependencies": [
            "module.network.ncloud_nat_gateway.main-nat-gateway",
            "module.network.ncloud_subnet.main-private-lb-subnets",
            "module.network.ncloud_subnet.main-private-subnets",
            "module.network.ncloud_subnet.main-public-subnets",
            "module.network.ncloud_vpc.main",
            "module.security.ncloud_access_control_group.instance-acg"
          ]
        }
      ]
    },
    {
      "module": "module.storage",
      "mode": "managed",
      "type": "ncloud_block_storage",
      "name": "storage_sw",
      "provider": "provider[\"registry.terraform.io/navercloudplatform/ncloud\"]",
      "instances": [
        {
          "index_key": "chnlweb",
          "schema_version": 0,
          "attributes": {
            "block_storage_no": "16679120",
            "description": "",
            "device_name": "",
            "disk_detail_type": "SSD",
            "disk_type": "NET",
            "id": "16679120",
            "name": "hello-hro-dev-chnlweb-sw",
            "product_code": "SPBSTBSTAD000006",
            "server_instance_no": "16679054",
            "server_name": null,
            "size": 10,
            "snapshot_no": null,
            "status": "ATTAC",
            "stop_instance_before_detaching": false,
            "timeouts": null,
            "type": "SVRBS",
            "zone": "FKR-1"
          },
          "sensitive_attributes": [],
          "private": "eyJlMmJmYjczMC1lY2FhLTExZTYtOGY4OC0zNDM2M2JjN2M0YzAiOnsiY3JlYXRlIjozNjAwMDAwMDAwMDAwLCJkZWxldGUiOjMwMDAwMDAwMDAwMH19",
          "dependencies": [
            "module.compute.data.ncloud_server_images.images",
            "module.compute.data.ncloud_server_products.products",
            "module.compute.ncloud_init_script.init",
            "module.compute.ncloud_network_interface.nic",
            "module.compute.ncloud_public_ip.pulbic_ip",
            "module.compute.ncloud_server.server",
            "module.network.ncloud_nat_gateway.main-nat-gateway",
            "module.network.ncloud_subnet.main-private-lb-subnets",
            "module.network.ncloud_subnet.main-private-subnets",
            "module.network.ncloud_subnet.main-public-subnets",
            "module.network.ncloud_vpc.main",
            "module.security.ncloud_access_control_group.instance-acg",
            "module.security.ncloud_access_control_group_rule.acg-rule"
          ]
        },
        {
          "index_key": "coreweb",
          "schema_version": 0,
          "attributes": {
            "block_storage_no": "16679121",
            "description": "",
            "device_name": "",
            "disk_detail_type": "SSD",
            "disk_type": "NET",
            "id": "16679121",
            "name": "hello-hro-dev-coreweb-sw",
            "product_code": "SPBSTBSTAD000006",
            "server_instance_no": "16678938",
            "server_name": null,
            "size": 10,
            "snapshot_no": null,
            "status": "ATTAC",
            "stop_instance_before_detaching": false,
            "timeouts": null,
            "type": "SVRBS",
            "zone": "FKR-1"
          },
          "sensitive_attributes": [],
          "private": "eyJlMmJmYjczMC1lY2FhLTExZTYtOGY4OC0zNDM2M2JjN2M0YzAiOnsiY3JlYXRlIjozNjAwMDAwMDAwMDAwLCJkZWxldGUiOjMwMDAwMDAwMDAwMH19",
          "dependencies": [
            "module.compute.data.ncloud_server_images.images",
            "module.compute.data.ncloud_server_products.products",
            "module.compute.ncloud_init_script.init",
            "module.compute.ncloud_network_interface.nic",
            "module.compute.ncloud_public_ip.pulbic_ip",
            "module.compute.ncloud_server.server",
            "module.network.ncloud_nat_gateway.main-nat-gateway",
            "module.network.ncloud_subnet.main-private-lb-subnets",
            "module.network.ncloud_subnet.main-private-subnets",
            "module.network.ncloud_subnet.main-public-subnets",
            "module.network.ncloud_vpc.main",
            "module.security.ncloud_access_control_group.instance-acg",
            "module.security.ncloud_access_control_group_rule.acg-rule"
          ]
        },
        {
          "index_key": "edmsap",
          "schema_version": 0,
          "attributes": {
            "block_storage_no": "16679116",
            "description": "",
            "device_name": "",
            "disk_detail_type": "SSD",
            "disk_type": "NET",
            "id": "16679116",
            "name": "hello-hro-dev-edmsap-sw",
            "product_code": "SPBSTBSTAD000006",
            "server_instance_no": "16678935",
            "server_name": null,
            "size": 10,
            "snapshot_no": null,
            "status": "ATTAC",
            "stop_instance_before_detaching": false,
            "timeouts": null,
            "type": "SVRBS",
            "zone": "FKR-1"
          },
          "sensitive_attributes": [],
          "private": "eyJlMmJmYjczMC1lY2FhLTExZTYtOGY4OC0zNDM2M2JjN2M0YzAiOnsiY3JlYXRlIjozNjAwMDAwMDAwMDAwLCJkZWxldGUiOjMwMDAwMDAwMDAwMH19",
          "dependencies": [
            "module.compute.data.ncloud_server_images.images",
            "module.compute.data.ncloud_server_products.products",
            "module.compute.ncloud_init_script.init",
            "module.compute.ncloud_network_interface.nic",
            "module.compute.ncloud_public_ip.pulbic_ip",
            "module.compute.ncloud_server.server",
            "module.network.ncloud_nat_gateway.main-nat-gateway",
            "module.network.ncloud_subnet.main-private-lb-subnets",
            "module.network.ncloud_subnet.main-private-subnets",
            "module.network.ncloud_subnet.main-public-subnets",
            "module.network.ncloud_vpc.main",
            "module.security.ncloud_access_control_group.instance-acg",
            "module.security.ncloud_access_control_group_rule.acg-rule"
          ]
        },
        {
          "index_key": "extfileap",
          "schema_version": 0,
          "attributes": {
            "block_storage_no": "16679124",
            "description": "",
            "device_name": "",
            "disk_detail_type": "SSD",
            "disk_type": "NET",
            "id": "16679124",
            "name": "hello-hro-dev-extfileap-sw",
            "product_code": "SPBSTBSTAD000006",
            "server_instance_no": "16678926",
            "server_name": null,
            "size": 10,
            "snapshot_no": null,
            "status": "ATTAC",
            "stop_instance_before_detaching": false,
            "timeouts": null,
            "type": "SVRBS",
            "zone": "FKR-1"
          },
          "sensitive_attributes": [],
          "private": "eyJlMmJmYjczMC1lY2FhLTExZTYtOGY4OC0zNDM2M2JjN2M0YzAiOnsiY3JlYXRlIjozNjAwMDAwMDAwMDAwLCJkZWxldGUiOjMwMDAwMDAwMDAwMH19",
          "dependencies": [
            "module.compute.data.ncloud_server_images.images",
            "module.compute.data.ncloud_server_products.products",
            "module.compute.ncloud_init_script.init",
            "module.compute.ncloud_network_interface.nic",
            "module.compute.ncloud_public_ip.pulbic_ip",
            "module.compute.ncloud_server.server",
            "module.network.ncloud_nat_gateway.main-nat-gateway",
            "module.network.ncloud_subnet.main-private-lb-subnets",
            "module.network.ncloud_subnet.main-private-subnets",
            "module.network.ncloud_subnet.main-public-subnets",
            "module.network.ncloud_vpc.main",
            "module.security.ncloud_access_control_group.instance-acg",
            "module.security.ncloud_access_control_group_rule.acg-rule"
          ]
        },
        {
          "index_key": "fepap",
          "schema_version": 0,
          "attributes": {
            "block_storage_no": "16679117",
            "description": "",
            "device_name": "",
            "disk_detail_type": "SSD",
            "disk_type": "NET",
            "id": "16679117",
            "name": "hello-hro-dev-fepap-sw",
            "product_code": "SPBSTBSTAD000006",
            "server_instance_no": "16678942",
            "server_name": null,
            "size": 10,
            "snapshot_no": null,
            "status": "ATTAC",
            "stop_instance_before_detaching": false,
            "timeouts": null,
            "type": "SVRBS",
            "zone": "FKR-1"
          },
          "sensitive_attributes": [],
          "private": "eyJlMmJmYjczMC1lY2FhLTExZTYtOGY4OC0zNDM2M2JjN2M0YzAiOnsiY3JlYXRlIjozNjAwMDAwMDAwMDAwLCJkZWxldGUiOjMwMDAwMDAwMDAwMH19",
          "dependencies": [
            "module.compute.data.ncloud_server_images.images",
            "module.compute.data.ncloud_server_products.products",
            "module.compute.ncloud_init_script.init",
            "module.compute.ncloud_network_interface.nic",
            "module.compute.ncloud_public_ip.pulbic_ip",
            "module.compute.ncloud_server.server",
            "module.network.ncloud_nat_gateway.main-nat-gateway",
            "module.network.ncloud_subnet.main-private-lb-subnets",
            "module.network.ncloud_subnet.main-private-subnets",
            "module.network.ncloud_subnet.main-public-subnets",
            "module.network.ncloud_vpc.main",
            "module.security.ncloud_access_control_group.instance-acg",
            "module.security.ncloud_access_control_group_rule.acg-rule"
          ]
        },
        {
          "index_key": "mciap",
          "schema_version": 0,
          "attributes": {
            "block_storage_no": "16677255",
            "description": "",
            "device_name": "",
            "disk_detail_type": "SSD",
            "disk_type": "NET",
            "id": "16677255",
            "name": "hello-hro-dev-mciap-sw",
            "product_code": "SPBSTBSTAD000006",
            "server_instance_no": "16679050",
            "server_name": null,
            "size": 10,
            "snapshot_no": null,
            "status": "ATTAC",
            "stop_instance_before_detaching": false,
            "timeouts": null,
            "type": "SVRBS",
            "zone": "FKR-1"
          },
          "sensitive_attributes": [],
          "private": "eyJlMmJmYjczMC1lY2FhLTExZTYtOGY4OC0zNDM2M2JjN2M0YzAiOnsiY3JlYXRlIjozNjAwMDAwMDAwMDAwLCJkZWxldGUiOjMwMDAwMDAwMDAwMH19",
          "dependencies": [
            "module.compute.data.ncloud_server_images.images",
            "module.compute.data.ncloud_server_products.products",
            "module.compute.ncloud_init_script.init",
            "module.compute.ncloud_network_interface.nic",
            "module.compute.ncloud_public_ip.pulbic_ip",
            "module.compute.ncloud_server.server",
            "module.network.ncloud_nat_gateway.main-nat-gateway",
            "module.network.ncloud_subnet.main-private-lb-subnets",
            "module.network.ncloud_subnet.main-private-subnets",
            "module.network.ncloud_subnet.main-public-subnets",
            "module.network.ncloud_vpc.main",
            "module.security.ncloud_access_control_group.instance-acg",
            "module.security.ncloud_access_control_group_rule.acg-rule"
          ]
        },
        {
          "index_key": "metaap",
          "schema_version": 0,
          "attributes": {
            "block_storage_no": "16679126",
            "description": "",
            "device_name": "",
            "disk_detail_type": "SSD",
            "disk_type": "NET",
            "id": "16679126",
            "name": "hello-hro-dev-metaap-sw",
            "product_code": "SPBSTBSTAD000006",
            "server_instance_no": "16678941",
            "server_name": null,
            "size": 10,
            "snapshot_no": null,
            "status": "ATTAC",
            "stop_instance_before_detaching": false,
            "timeouts": null,
            "type": "SVRBS",
            "zone": "FKR-1"
          },
          "sensitive_attributes": [],
          "private": "eyJlMmJmYjczMC1lY2FhLTExZTYtOGY4OC0zNDM2M2JjN2M0YzAiOnsiY3JlYXRlIjozNjAwMDAwMDAwMDAwLCJkZWxldGUiOjMwMDAwMDAwMDAwMH19",
          "dependencies": [
            "module.compute.data.ncloud_server_images.images",
            "module.compute.data.ncloud_server_products.products",
            "module.compute.ncloud_init_script.init",
            "module.compute.ncloud_network_interface.nic",
            "module.compute.ncloud_public_ip.pulbic_ip",
            "module.compute.ncloud_server.server",
            "module.network.ncloud_nat_gateway.main-nat-gateway",
            "module.network.ncloud_subnet.main-private-lb-subnets",
            "module.network.ncloud_subnet.main-private-subnets",
            "module.network.ncloud_subnet.main-public-subnets",
            "module.network.ncloud_vpc.main",
            "module.security.ncloud_access_control_group.instance-acg",
            "module.security.ncloud_access_control_group_rule.acg-rule"
          ]
        },
        {
          "index_key": "proxyap",
          "schema_version": 0,
          "attributes": {
            "block_storage_no": "16679125",
            "description": "",
            "device_name": "",
            "disk_detail_type": "SSD",
            "disk_type": "NET",
            "id": "16679125",
            "name": "hello-hro-dev-proxyap-sw",
            "product_code": "SPBSTBSTAD000006",
            "server_instance_no": "16678945",
            "server_name": null,
            "size": 10,
            "snapshot_no": null,
            "status": "ATTAC",
            "stop_instance_before_detaching": false,
            "timeouts": null,
            "type": "SVRBS",
            "zone": "FKR-1"
          },
          "sensitive_attributes": [],
          "private": "eyJlMmJmYjczMC1lY2FhLTExZTYtOGY4OC0zNDM2M2JjN2M0YzAiOnsiY3JlYXRlIjozNjAwMDAwMDAwMDAwLCJkZWxldGUiOjMwMDAwMDAwMDAwMH19",
          "dependencies": [
            "module.compute.data.ncloud_server_images.images",
            "module.compute.data.ncloud_server_products.products",
            "module.compute.ncloud_init_script.init",
            "module.compute.ncloud_network_interface.nic",
            "module.compute.ncloud_public_ip.pulbic_ip",
            "module.compute.ncloud_server.server",
            "module.network.ncloud_nat_gateway.main-nat-gateway",
            "module.network.ncloud_subnet.main-private-lb-subnets",
            "module.network.ncloud_subnet.main-private-subnets",
            "module.network.ncloud_subnet.main-public-subnets",
            "module.network.ncloud_vpc.main",
            "module.security.ncloud_access_control_group.instance-acg",
            "module.security.ncloud_access_control_group_rule.acg-rule"
          ]
        },
        {
          "index_key": "reportap",
          "schema_version": 0,
          "attributes": {
            "block_storage_no": "16679123",
            "description": "",
            "device_name": "",
            "disk_detail_type": "SSD",
            "disk_type": "NET",
            "id": "16679123",
            "name": "hello-hro-dev-reportap-sw",
            "product_code": "SPBSTBSTAD000006",
            "server_instance_no": "16678932",
            "server_name": null,
            "size": 10,
            "snapshot_no": null,
            "status": "ATTAC",
            "stop_instance_before_detaching": false,
            "timeouts": null,
            "type": "SVRBS",
            "zone": "FKR-1"
          },
          "sensitive_attributes": [],
          "private": "eyJlMmJmYjczMC1lY2FhLTExZTYtOGY4OC0zNDM2M2JjN2M0YzAiOnsiY3JlYXRlIjozNjAwMDAwMDAwMDAwLCJkZWxldGUiOjMwMDAwMDAwMDAwMH19",
          "dependencies": [
            "module.compute.data.ncloud_server_images.images",
            "module.compute.data.ncloud_server_products.products",
            "module.compute.ncloud_init_script.init",
            "module.compute.ncloud_network_interface.nic",
            "module.compute.ncloud_public_ip.pulbic_ip",
            "module.compute.ncloud_server.server",
            "module.network.ncloud_nat_gateway.main-nat-gateway",
            "module.network.ncloud_subnet.main-private-lb-subnets",
            "module.network.ncloud_subnet.main-private-subnets",
            "module.network.ncloud_subnet.main-public-subnets",
            "module.network.ncloud_vpc.main",
            "module.security.ncloud_access_control_group.instance-acg",
            "module.security.ncloud_access_control_group_rule.acg-rule"
          ]
        },
        {
          "index_key": "solweb",
          "schema_version": 0,
          "attributes": {
            "block_storage_no": "16679119",
            "description": "",
            "device_name": "",
            "disk_detail_type": "SSD",
            "disk_type": "NET",
            "id": "16679119",
            "name": "hello-hro-dev-solweb-sw",
            "product_code": "SPBSTBSTAD000006",
            "server_instance_no": "16678943",
            "server_name": null,
            "size": 10,
            "snapshot_no": null,
            "status": "ATTAC",
            "stop_instance_before_detaching": false,
            "timeouts": null,
            "type": "SVRBS",
            "zone": "FKR-1"
          },
          "sensitive_attributes": [],
          "private": "eyJlMmJmYjczMC1lY2FhLTExZTYtOGY4OC0zNDM2M2JjN2M0YzAiOnsiY3JlYXRlIjozNjAwMDAwMDAwMDAwLCJkZWxldGUiOjMwMDAwMDAwMDAwMH19",
          "dependencies": [
            "module.compute.data.ncloud_server_images.images",
            "module.compute.data.ncloud_server_products.products",
            "module.compute.ncloud_init_script.init",
            "module.compute.ncloud_network_interface.nic",
            "module.compute.ncloud_public_ip.pulbic_ip",
            "module.compute.ncloud_server.server",
            "module.network.ncloud_nat_gateway.main-nat-gateway",
            "module.network.ncloud_subnet.main-private-lb-subnets",
            "module.network.ncloud_subnet.main-private-subnets",
            "module.network.ncloud_subnet.main-public-subnets",
            "module.network.ncloud_vpc.main",
            "module.security.ncloud_access_control_group.instance-acg",
            "module.security.ncloud_access_control_group_rule.acg-rule"
          ]
        },
        {
          "index_key": "ssoeamap",
          "schema_version": 0,
          "attributes": {
            "block_storage_no": "16679122",
            "description": "",
            "device_name": "",
            "disk_detail_type": "SSD",
            "disk_type": "NET",
            "id": "16679122",
            "name": "hello-hro-dev-ssoeamap-sw",
            "product_code": "SPBSTBSTAD000006",
            "server_instance_no": "16678923",
            "server_name": null,
            "size": 10,
            "snapshot_no": null,
            "status": "ATTAC",
            "stop_instance_before_detaching": false,
            "timeouts": null,
            "type": "SVRBS",
            "zone": "FKR-1"
          },
          "sensitive_attributes": [],
          "private": "eyJlMmJmYjczMC1lY2FhLTExZTYtOGY4OC0zNDM2M2JjN2M0YzAiOnsiY3JlYXRlIjozNjAwMDAwMDAwMDAwLCJkZWxldGUiOjMwMDAwMDAwMDAwMH19",
          "dependencies": [
            "module.compute.data.ncloud_server_images.images",
            "module.compute.data.ncloud_server_products.products",
            "module.compute.ncloud_init_script.init",
            "module.compute.ncloud_network_interface.nic",
            "module.compute.ncloud_public_ip.pulbic_ip",
            "module.compute.ncloud_server.server",
            "module.network.ncloud_nat_gateway.main-nat-gateway",
            "module.network.ncloud_subnet.main-private-lb-subnets",
            "module.network.ncloud_subnet.main-private-subnets",
            "module.network.ncloud_subnet.main-public-subnets",
            "module.network.ncloud_vpc.main",
            "module.security.ncloud_access_control_group.instance-acg",
            "module.security.ncloud_access_control_group_rule.acg-rule"
          ]
        },
        {
          "index_key": "webfaxap",
          "schema_version": 0,
          "attributes": {
            "block_storage_no": "16679118",
            "description": "",
            "device_name": "",
            "disk_detail_type": "SSD",
            "disk_type": "NET",
            "id": "16679118",
            "name": "hello-hro-dev-webfaxap-sw",
            "product_code": "SPBSTBSTAD000006",
            "server_instance_no": "16678929",
            "server_name": null,
            "size": 10,
            "snapshot_no": null,
            "status": "ATTAC",
            "stop_instance_before_detaching": false,
            "timeouts": null,
            "type": "SVRBS",
            "zone": "FKR-1"
          },
          "sensitive_attributes": [],
          "private": "eyJlMmJmYjczMC1lY2FhLTExZTYtOGY4OC0zNDM2M2JjN2M0YzAiOnsiY3JlYXRlIjozNjAwMDAwMDAwMDAwLCJkZWxldGUiOjMwMDAwMDAwMDAwMH19",
          "dependencies": [
            "module.compute.data.ncloud_server_images.images",
            "module.compute.data.ncloud_server_products.products",
            "module.compute.ncloud_init_script.init",
            "module.compute.ncloud_network_interface.nic",
            "module.compute.ncloud_public_ip.pulbic_ip",
            "module.compute.ncloud_server.server",
            "module.network.ncloud_nat_gateway.main-nat-gateway",
            "module.network.ncloud_subnet.main-private-lb-subnets",
            "module.network.ncloud_subnet.main-private-subnets",
            "module.network.ncloud_subnet.main-public-subnets",
            "module.network.ncloud_vpc.main",
            "module.security.ncloud_access_control_group.instance-acg",
            "module.security.ncloud_access_control_group_rule.acg-rule"
          ]
        }
      ]
    }
  ],
  "check_results": null
}
